// !$*UTF8*$!
{
	archiveVersion = 1;
	classes = {
	};
	objectVersion = 56;
	objects = {

/* Begin PBXBuildFile section */
		571EB53B29199CA60042BAA4 /* EssentialFeedEndToEndTests.swift in Sources */ = {isa = PBXBuildFile; fileRef = 571EB53A29199CA60042BAA4 /* EssentialFeedEndToEndTests.swift */; };
		571EB53C29199CA60042BAA4 /* EssentialFeed.framework in Frameworks */ = {isa = PBXBuildFile; fileRef = 57DCAA1828F0BF7C00EEFCAF /* EssentialFeed.framework */; };
		571EB5422919B6800042BAA4 /* XCTestCase+MemoryLeakTracking.swift in Sources */ = {isa = PBXBuildFile; fileRef = 573941132915973400615D4E /* XCTestCase+MemoryLeakTracking.swift */; };
		5722DDC629918DF500BFBFA1 /* EssentialFeediOS.framework in Frameworks */ = {isa = PBXBuildFile; fileRef = 5722DDBE29918DF400BFBFA1 /* EssentialFeediOS.framework */; };
		57269C89297735160034BD99 /* CoreDataHelpers.swift in Sources */ = {isa = PBXBuildFile; fileRef = 57269C88297735160034BD99 /* CoreDataHelpers.swift */; };
		57269C8B2977365C0034BD99 /* ManagedCache.swift in Sources */ = {isa = PBXBuildFile; fileRef = 57269C8A2977365C0034BD99 /* ManagedCache.swift */; };
		57269C8D297736A70034BD99 /* ManagedFeedImage.swift in Sources */ = {isa = PBXBuildFile; fileRef = 57269C8C297736A70034BD99 /* ManagedFeedImage.swift */; };
		57283BAC290C688900C71555 /* HTTPClient.swift in Sources */ = {isa = PBXBuildFile; fileRef = 57283BAB290C688900C71555 /* HTTPClient.swift */; };
		57283BAE290C68DB00C71555 /* FeedItemsMapper.swift in Sources */ = {isa = PBXBuildFile; fileRef = 57283BAD290C68DB00C71555 /* FeedItemsMapper.swift */; };
		57283BCB2912F98A00C71555 /* URLSessionHTTPClientTests.swift in Sources */ = {isa = PBXBuildFile; fileRef = 57283BCA2912F98A00C71555 /* URLSessionHTTPClientTests.swift */; };
		573941142915973400615D4E /* XCTestCase+MemoryLeakTracking.swift in Sources */ = {isa = PBXBuildFile; fileRef = 573941132915973400615D4E /* XCTestCase+MemoryLeakTracking.swift */; };
		573941162915D2FE00615D4E /* URLSessionHTTPClient.swift in Sources */ = {isa = PBXBuildFile; fileRef = 573941152915D2FE00615D4E /* URLSessionHTTPClient.swift */; };
		574709B729787E7500DF3C36 /* EssentialFeedCacheIntegrationTests.swift in Sources */ = {isa = PBXBuildFile; fileRef = 574709B629787E7500DF3C36 /* EssentialFeedCacheIntegrationTests.swift */; };
		574709B829787E7500DF3C36 /* EssentialFeed.framework in Frameworks */ = {isa = PBXBuildFile; fileRef = 57DCAA1828F0BF7C00EEFCAF /* EssentialFeed.framework */; };
		574709BE297885A800DF3C36 /* XCTestCase+MemoryLeakTracking.swift in Sources */ = {isa = PBXBuildFile; fileRef = 573941132915973400615D4E /* XCTestCase+MemoryLeakTracking.swift */; };
		574709BF2978876E00DF3C36 /* FeedCacheTestHelpers.swift in Sources */ = {isa = PBXBuildFile; fileRef = 57B99DE52936B2F8002DBCBA /* FeedCacheTestHelpers.swift */; };
		574709C029788AA200DF3C36 /* SharedTestHelpers.swift in Sources */ = {isa = PBXBuildFile; fileRef = 57B99DE72936B4BD002DBCBA /* SharedTestHelpers.swift */; };
		57611500293001D900FA5D4D /* LocalFeedLoader.swift in Sources */ = {isa = PBXBuildFile; fileRef = 576114FF293001D900FA5D4D /* LocalFeedLoader.swift */; };
		576115022930027600FA5D4D /* FeedStore.swift in Sources */ = {isa = PBXBuildFile; fileRef = 576115012930027600FA5D4D /* FeedStore.swift */; };
		57619F8129314E7900CB83C1 /* RemoteFeedItem.swift in Sources */ = {isa = PBXBuildFile; fileRef = 57619F8029314E7900CB83C1 /* RemoteFeedItem.swift */; };
		57619F85293151C100CB83C1 /* LocalFeedImage.swift in Sources */ = {isa = PBXBuildFile; fileRef = 57619F84293151C100CB83C1 /* LocalFeedImage.swift */; };
		57619F87293172D400CB83C1 /* LoadFeedFromCacheUseCaseTests.swift in Sources */ = {isa = PBXBuildFile; fileRef = 57619F86293172D400CB83C1 /* LoadFeedFromCacheUseCaseTests.swift */; };
		57619F8A2931748800CB83C1 /* FeedStoreSpy.swift in Sources */ = {isa = PBXBuildFile; fileRef = 57619F892931748800CB83C1 /* FeedStoreSpy.swift */; };
		5764802B299AC95600365642 /* FeedViewControllerTests.swift in Sources */ = {isa = PBXBuildFile; fileRef = 5764802A299AC95600365642 /* FeedViewControllerTests.swift */; };
		576B0FDE296F56A300DD2AB5 /* FeedStoreSpecs.swift in Sources */ = {isa = PBXBuildFile; fileRef = 576B0FDD296F56A300DD2AB5 /* FeedStoreSpecs.swift */; };
		576B0FE0296F578F00DD2AB5 /* XCTestCase+FeedStoreSpecs.swift in Sources */ = {isa = PBXBuildFile; fileRef = 576B0FDF296F578F00DD2AB5 /* XCTestCase+FeedStoreSpecs.swift */; };
		576B0FE2296F5B3600DD2AB5 /* XCTestCase+FailableInsertFeedStoreSpecs.swift in Sources */ = {isa = PBXBuildFile; fileRef = 576B0FE1296F5B3600DD2AB5 /* XCTestCase+FailableInsertFeedStoreSpecs.swift */; };
		576B0FE4296F5B7000DD2AB5 /* XCTestCase+FailableRetrieveFeedStoreSpecs.swift in Sources */ = {isa = PBXBuildFile; fileRef = 576B0FE3296F5B7000DD2AB5 /* XCTestCase+FailableRetrieveFeedStoreSpecs.swift */; };
		576C751D28F6357700D4DB5A /* RemoteFeedLoader.swift in Sources */ = {isa = PBXBuildFile; fileRef = 576C751C28F6357700D4DB5A /* RemoteFeedLoader.swift */; };
		576C8BF32936A2C9008CC9EC /* ValidateFeedCacheUseCaseTests.swift in Sources */ = {isa = PBXBuildFile; fileRef = 576C8BF22936A2C9008CC9EC /* ValidateFeedCacheUseCaseTests.swift */; };
		57B99DE62936B2F8002DBCBA /* FeedCacheTestHelpers.swift in Sources */ = {isa = PBXBuildFile; fileRef = 57B99DE52936B2F8002DBCBA /* FeedCacheTestHelpers.swift */; };
		57B99DE82936B4BD002DBCBA /* SharedTestHelpers.swift in Sources */ = {isa = PBXBuildFile; fileRef = 57B99DE72936B4BD002DBCBA /* SharedTestHelpers.swift */; };
		57B99DFF29381FC6002DBCBA /* FeedCachePolicy.swift in Sources */ = {isa = PBXBuildFile; fileRef = 57B99DFE29381FC6002DBCBA /* FeedCachePolicy.swift */; };
		57DCAA2128F0BF7C00EEFCAF /* EssentialFeed.framework in Frameworks */ = {isa = PBXBuildFile; fileRef = 57DCAA1828F0BF7C00EEFCAF /* EssentialFeed.framework */; };
		57DCAA2728F0BF7C00EEFCAF /* EssentialFeed.h in Headers */ = {isa = PBXBuildFile; fileRef = 57DCAA1B28F0BF7C00EEFCAF /* EssentialFeed.h */; settings = {ATTRIBUTES = (Public, ); }; };
		57DCAA3128F0BFAA00EEFCAF /* FeedImage.swift in Sources */ = {isa = PBXBuildFile; fileRef = 57DCAA3028F0BFAA00EEFCAF /* FeedImage.swift */; };
		57DCAA3328F0C03100EEFCAF /* FeedLoader.swift in Sources */ = {isa = PBXBuildFile; fileRef = 57DCAA3228F0C03100EEFCAF /* FeedLoader.swift */; };
		57DCAA5128F61D9000EEFCAF /* LoadFeedFromRemoteUseCaseTests.swift in Sources */ = {isa = PBXBuildFile; fileRef = 57DCAA5028F61D9000EEFCAF /* LoadFeedFromRemoteUseCaseTests.swift */; };
		57EABEC2292C0CE7002BEBDB /* CacheFeedUseCaseTests.swift in Sources */ = {isa = PBXBuildFile; fileRef = 57EABEC1292C0CE7002BEBDB /* CacheFeedUseCaseTests.swift */; };
		57F88DB32975E9B60050C6C9 /* CoreDataFeedStoreTests.swift in Sources */ = {isa = PBXBuildFile; fileRef = 57F88DB22975E9B60050C6C9 /* CoreDataFeedStoreTests.swift */; };
		57F88DB52975EB0F0050C6C9 /* CoreDataFeedStore.swift in Sources */ = {isa = PBXBuildFile; fileRef = 57F88DB42975EB0F0050C6C9 /* CoreDataFeedStore.swift */; };
		57F88DB82975EEC40050C6C9 /* FeedStore.xcdatamodeld in Sources */ = {isa = PBXBuildFile; fileRef = 57F88DB62975EEC40050C6C9 /* FeedStore.xcdatamodeld */; };
/* End PBXBuildFile section */

/* Begin PBXContainerItemProxy section */
		571EB53D29199CA60042BAA4 /* PBXContainerItemProxy */ = {
			isa = PBXContainerItemProxy;
			containerPortal = 57DCAA0F28F0BF7C00EEFCAF /* Project object */;
			proxyType = 1;
			remoteGlobalIDString = 57DCAA1728F0BF7C00EEFCAF;
			remoteInfo = EssentialFeed;
		};
		5722DDC729918DF500BFBFA1 /* PBXContainerItemProxy */ = {
			isa = PBXContainerItemProxy;
			containerPortal = 57DCAA0F28F0BF7C00EEFCAF /* Project object */;
			proxyType = 1;
			remoteGlobalIDString = 5722DDBD29918DF400BFBFA1;
			remoteInfo = EssentialFeediOS;
		};
		574709B929787E7500DF3C36 /* PBXContainerItemProxy */ = {
			isa = PBXContainerItemProxy;
			containerPortal = 57DCAA0F28F0BF7C00EEFCAF /* Project object */;
			proxyType = 1;
			remoteGlobalIDString = 57DCAA1728F0BF7C00EEFCAF;
			remoteInfo = EssentialFeed;
		};
		57DCAA2228F0BF7C00EEFCAF /* PBXContainerItemProxy */ = {
			isa = PBXContainerItemProxy;
			containerPortal = 57DCAA0F28F0BF7C00EEFCAF /* Project object */;
			proxyType = 1;
			remoteGlobalIDString = 57DCAA1728F0BF7C00EEFCAF;
			remoteInfo = EssentialFeed;
		};
/* End PBXContainerItemProxy section */

/* Begin PBXFileReference section */
		571EB53829199CA60042BAA4 /* EssentialFeedAPIEndToEndTests.xctest */ = {isa = PBXFileReference; explicitFileType = wrapper.cfbundle; includeInIndex = 0; path = EssentialFeedAPIEndToEndTests.xctest; sourceTree = BUILT_PRODUCTS_DIR; };
		571EB53A29199CA60042BAA4 /* EssentialFeedEndToEndTests.swift */ = {isa = PBXFileReference; lastKnownFileType = sourcecode.swift; path = EssentialFeedEndToEndTests.swift; sourceTree = "<group>"; };
		5722DDBE29918DF400BFBFA1 /* EssentialFeediOS.framework */ = {isa = PBXFileReference; explicitFileType = wrapper.framework; includeInIndex = 0; path = EssentialFeediOS.framework; sourceTree = BUILT_PRODUCTS_DIR; };
		5722DDC529918DF500BFBFA1 /* EssentialFeediOSTests.xctest */ = {isa = PBXFileReference; explicitFileType = wrapper.cfbundle; includeInIndex = 0; path = EssentialFeediOSTests.xctest; sourceTree = BUILT_PRODUCTS_DIR; };
		57269C88297735160034BD99 /* CoreDataHelpers.swift */ = {isa = PBXFileReference; lastKnownFileType = sourcecode.swift; path = CoreDataHelpers.swift; sourceTree = "<group>"; };
		57269C8A2977365C0034BD99 /* ManagedCache.swift */ = {isa = PBXFileReference; lastKnownFileType = sourcecode.swift; path = ManagedCache.swift; sourceTree = "<group>"; };
		57269C8C297736A70034BD99 /* ManagedFeedImage.swift */ = {isa = PBXFileReference; lastKnownFileType = sourcecode.swift; path = ManagedFeedImage.swift; sourceTree = "<group>"; };
		57283BAB290C688900C71555 /* HTTPClient.swift */ = {isa = PBXFileReference; lastKnownFileType = sourcecode.swift; path = HTTPClient.swift; sourceTree = "<group>"; };
		57283BAD290C68DB00C71555 /* FeedItemsMapper.swift */ = {isa = PBXFileReference; lastKnownFileType = sourcecode.swift; path = FeedItemsMapper.swift; sourceTree = "<group>"; };
		57283BCA2912F98A00C71555 /* URLSessionHTTPClientTests.swift */ = {isa = PBXFileReference; lastKnownFileType = sourcecode.swift; path = URLSessionHTTPClientTests.swift; sourceTree = "<group>"; };
		573941132915973400615D4E /* XCTestCase+MemoryLeakTracking.swift */ = {isa = PBXFileReference; lastKnownFileType = sourcecode.swift; path = "XCTestCase+MemoryLeakTracking.swift"; sourceTree = "<group>"; };
		573941152915D2FE00615D4E /* URLSessionHTTPClient.swift */ = {isa = PBXFileReference; lastKnownFileType = sourcecode.swift; path = URLSessionHTTPClient.swift; sourceTree = "<group>"; };
		574709B429787E7500DF3C36 /* EssentialFeedCacheIntegrationTests.xctest */ = {isa = PBXFileReference; explicitFileType = wrapper.cfbundle; includeInIndex = 0; path = EssentialFeedCacheIntegrationTests.xctest; sourceTree = BUILT_PRODUCTS_DIR; };
		574709B629787E7500DF3C36 /* EssentialFeedCacheIntegrationTests.swift */ = {isa = PBXFileReference; lastKnownFileType = sourcecode.swift; path = EssentialFeedCacheIntegrationTests.swift; sourceTree = "<group>"; };
		576114FF293001D900FA5D4D /* LocalFeedLoader.swift */ = {isa = PBXFileReference; lastKnownFileType = sourcecode.swift; path = LocalFeedLoader.swift; sourceTree = "<group>"; };
		576115012930027600FA5D4D /* FeedStore.swift */ = {isa = PBXFileReference; lastKnownFileType = sourcecode.swift; path = FeedStore.swift; sourceTree = "<group>"; };
		57619F8029314E7900CB83C1 /* RemoteFeedItem.swift */ = {isa = PBXFileReference; lastKnownFileType = sourcecode.swift; path = RemoteFeedItem.swift; sourceTree = "<group>"; };
		57619F84293151C100CB83C1 /* LocalFeedImage.swift */ = {isa = PBXFileReference; lastKnownFileType = sourcecode.swift; path = LocalFeedImage.swift; sourceTree = "<group>"; };
		57619F86293172D400CB83C1 /* LoadFeedFromCacheUseCaseTests.swift */ = {isa = PBXFileReference; lastKnownFileType = sourcecode.swift; path = LoadFeedFromCacheUseCaseTests.swift; sourceTree = "<group>"; };
		57619F892931748800CB83C1 /* FeedStoreSpy.swift */ = {isa = PBXFileReference; lastKnownFileType = sourcecode.swift; path = FeedStoreSpy.swift; sourceTree = "<group>"; };
		5764802A299AC95600365642 /* FeedViewControllerTests.swift */ = {isa = PBXFileReference; lastKnownFileType = sourcecode.swift; path = FeedViewControllerTests.swift; sourceTree = "<group>"; };
		576B0FDD296F56A300DD2AB5 /* FeedStoreSpecs.swift */ = {isa = PBXFileReference; lastKnownFileType = sourcecode.swift; path = FeedStoreSpecs.swift; sourceTree = "<group>"; };
		576B0FDF296F578F00DD2AB5 /* XCTestCase+FeedStoreSpecs.swift */ = {isa = PBXFileReference; lastKnownFileType = sourcecode.swift; path = "XCTestCase+FeedStoreSpecs.swift"; sourceTree = "<group>"; };
		576B0FE1296F5B3600DD2AB5 /* XCTestCase+FailableInsertFeedStoreSpecs.swift */ = {isa = PBXFileReference; lastKnownFileType = sourcecode.swift; path = "XCTestCase+FailableInsertFeedStoreSpecs.swift"; sourceTree = "<group>"; };
		576B0FE3296F5B7000DD2AB5 /* XCTestCase+FailableRetrieveFeedStoreSpecs.swift */ = {isa = PBXFileReference; lastKnownFileType = sourcecode.swift; path = "XCTestCase+FailableRetrieveFeedStoreSpecs.swift"; sourceTree = "<group>"; };
		576C751C28F6357700D4DB5A /* RemoteFeedLoader.swift */ = {isa = PBXFileReference; lastKnownFileType = sourcecode.swift; path = RemoteFeedLoader.swift; sourceTree = "<group>"; };
		576C8BF22936A2C9008CC9EC /* ValidateFeedCacheUseCaseTests.swift */ = {isa = PBXFileReference; lastKnownFileType = sourcecode.swift; path = ValidateFeedCacheUseCaseTests.swift; sourceTree = "<group>"; };
		57B99DE52936B2F8002DBCBA /* FeedCacheTestHelpers.swift */ = {isa = PBXFileReference; lastKnownFileType = sourcecode.swift; path = FeedCacheTestHelpers.swift; sourceTree = "<group>"; };
		57B99DE72936B4BD002DBCBA /* SharedTestHelpers.swift */ = {isa = PBXFileReference; lastKnownFileType = sourcecode.swift; path = SharedTestHelpers.swift; sourceTree = "<group>"; };
		57B99DFE29381FC6002DBCBA /* FeedCachePolicy.swift */ = {isa = PBXFileReference; lastKnownFileType = sourcecode.swift; path = FeedCachePolicy.swift; sourceTree = "<group>"; };
		57DCAA1828F0BF7C00EEFCAF /* EssentialFeed.framework */ = {isa = PBXFileReference; explicitFileType = wrapper.framework; includeInIndex = 0; path = EssentialFeed.framework; sourceTree = BUILT_PRODUCTS_DIR; };
		57DCAA1B28F0BF7C00EEFCAF /* EssentialFeed.h */ = {isa = PBXFileReference; lastKnownFileType = sourcecode.c.h; path = EssentialFeed.h; sourceTree = "<group>"; };
		57DCAA2028F0BF7C00EEFCAF /* EssentialFeedTests.xctest */ = {isa = PBXFileReference; explicitFileType = wrapper.cfbundle; includeInIndex = 0; path = EssentialFeedTests.xctest; sourceTree = BUILT_PRODUCTS_DIR; };
		57DCAA3028F0BFAA00EEFCAF /* FeedImage.swift */ = {isa = PBXFileReference; lastKnownFileType = sourcecode.swift; path = FeedImage.swift; sourceTree = "<group>"; };
		57DCAA3228F0C03100EEFCAF /* FeedLoader.swift */ = {isa = PBXFileReference; lastKnownFileType = sourcecode.swift; path = FeedLoader.swift; sourceTree = "<group>"; };
		57DCAA5028F61D9000EEFCAF /* LoadFeedFromRemoteUseCaseTests.swift */ = {isa = PBXFileReference; lastKnownFileType = sourcecode.swift; path = LoadFeedFromRemoteUseCaseTests.swift; sourceTree = "<group>"; };
		57EABE90291D9BDB002BEBDB /* README.md */ = {isa = PBXFileReference; lastKnownFileType = net.daringfireball.markdown; path = README.md; sourceTree = "<group>"; };
		57EABEC1292C0CE7002BEBDB /* CacheFeedUseCaseTests.swift */ = {isa = PBXFileReference; lastKnownFileType = sourcecode.swift; path = CacheFeedUseCaseTests.swift; sourceTree = "<group>"; };
		57F88DB22975E9B60050C6C9 /* CoreDataFeedStoreTests.swift */ = {isa = PBXFileReference; lastKnownFileType = sourcecode.swift; path = CoreDataFeedStoreTests.swift; sourceTree = "<group>"; };
		57F88DB42975EB0F0050C6C9 /* CoreDataFeedStore.swift */ = {isa = PBXFileReference; lastKnownFileType = sourcecode.swift; path = CoreDataFeedStore.swift; sourceTree = "<group>"; };
		57F88DB72975EEC40050C6C9 /* FeedStore.xcdatamodel */ = {isa = PBXFileReference; lastKnownFileType = wrapper.xcdatamodel; path = FeedStore.xcdatamodel; sourceTree = "<group>"; };
/* End PBXFileReference section */

/* Begin PBXFrameworksBuildPhase section */
		571EB53529199CA60042BAA4 /* Frameworks */ = {
			isa = PBXFrameworksBuildPhase;
			buildActionMask = 2147483647;
			files = (
				571EB53C29199CA60042BAA4 /* EssentialFeed.framework in Frameworks */,
			);
			runOnlyForDeploymentPostprocessing = 0;
		};
		5722DDBB29918DF400BFBFA1 /* Frameworks */ = {
			isa = PBXFrameworksBuildPhase;
			buildActionMask = 2147483647;
			files = (
			);
			runOnlyForDeploymentPostprocessing = 0;
		};
		5722DDC229918DF500BFBFA1 /* Frameworks */ = {
			isa = PBXFrameworksBuildPhase;
			buildActionMask = 2147483647;
			files = (
				5722DDC629918DF500BFBFA1 /* EssentialFeediOS.framework in Frameworks */,
			);
			runOnlyForDeploymentPostprocessing = 0;
		};
		574709B129787E7500DF3C36 /* Frameworks */ = {
			isa = PBXFrameworksBuildPhase;
			buildActionMask = 2147483647;
			files = (
				574709B829787E7500DF3C36 /* EssentialFeed.framework in Frameworks */,
			);
			runOnlyForDeploymentPostprocessing = 0;
		};
		57DCAA1528F0BF7C00EEFCAF /* Frameworks */ = {
			isa = PBXFrameworksBuildPhase;
			buildActionMask = 2147483647;
			files = (
			);
			runOnlyForDeploymentPostprocessing = 0;
		};
		57DCAA1D28F0BF7C00EEFCAF /* Frameworks */ = {
			isa = PBXFrameworksBuildPhase;
			buildActionMask = 2147483647;
			files = (
				57DCAA2128F0BF7C00EEFCAF /* EssentialFeed.framework in Frameworks */,
			);
			runOnlyForDeploymentPostprocessing = 0;
		};
/* End PBXFrameworksBuildPhase section */

/* Begin PBXGroup section */
		571EB53929199CA60042BAA4 /* EssentialFeedEndToEndTests */ = {
			isa = PBXGroup;
			children = (
				571EB53A29199CA60042BAA4 /* EssentialFeedEndToEndTests.swift */,
			);
			path = EssentialFeedEndToEndTests;
			sourceTree = "<group>";
		};
		5722DDBF29918DF500BFBFA1 /* EssentialFeediOS */ = {
			isa = PBXGroup;
			children = (
			);
			path = EssentialFeediOS;
			sourceTree = "<group>";
		};
		5722DDC929918DF500BFBFA1 /* EssentialFeediOSTests */ = {
			isa = PBXGroup;
			children = (
				5764802A299AC95600365642 /* FeedViewControllerTests.swift */,
			);
			path = EssentialFeediOSTests;
			sourceTree = "<group>";
		};
		57269C85297733850034BD99 /* Infrastructure */ = {
			isa = PBXGroup;
			children = (
				57269C86297733E70034BD99 /* CoreData */,
			);
			path = Infrastructure;
			sourceTree = "<group>";
		};
		57269C86297733E70034BD99 /* CoreData */ = {
			isa = PBXGroup;
			children = (
				57F88DB42975EB0F0050C6C9 /* CoreDataFeedStore.swift */,
				57269C88297735160034BD99 /* CoreDataHelpers.swift */,
				57269C8A2977365C0034BD99 /* ManagedCache.swift */,
				57269C8C297736A70034BD99 /* ManagedFeedImage.swift */,
				57F88DB62975EEC40050C6C9 /* FeedStore.xcdatamodeld */,
			);
			path = CoreData;
			sourceTree = "<group>";
		};
		57283BBD291053AB00C71555 /* Feed API */ = {
			isa = PBXGroup;
			children = (
				57DCAA5028F61D9000EEFCAF /* LoadFeedFromRemoteUseCaseTests.swift */,
				57283BCA2912F98A00C71555 /* URLSessionHTTPClientTests.swift */,
			);
			path = "Feed API";
			sourceTree = "<group>";
		};
		57394112291596E600615D4E /* Helpers */ = {
			isa = PBXGroup;
			children = (
				573941132915973400615D4E /* XCTestCase+MemoryLeakTracking.swift */,
				57B99DE72936B4BD002DBCBA /* SharedTestHelpers.swift */,
			);
			path = Helpers;
			sourceTree = "<group>";
		};
		574709B529787E7500DF3C36 /* EssentialFeedCacheIntegrationTests */ = {
			isa = PBXGroup;
			children = (
				574709B629787E7500DF3C36 /* EssentialFeedCacheIntegrationTests.swift */,
			);
			path = EssentialFeedCacheIntegrationTests;
			sourceTree = "<group>";
		};
		576114FE293001C300FA5D4D /* Feed Cache */ = {
			isa = PBXGroup;
			children = (
				57269C85297733850034BD99 /* Infrastructure */,
				576114FF293001D900FA5D4D /* LocalFeedLoader.swift */,
				576115012930027600FA5D4D /* FeedStore.swift */,
				57619F84293151C100CB83C1 /* LocalFeedImage.swift */,
				57B99DFE29381FC6002DBCBA /* FeedCachePolicy.swift */,
			);
			path = "Feed Cache";
			sourceTree = "<group>";
		};
		57619F882931744C00CB83C1 /* Helpers */ = {
			isa = PBXGroup;
			children = (
				57619F892931748800CB83C1 /* FeedStoreSpy.swift */,
				57B99DE52936B2F8002DBCBA /* FeedCacheTestHelpers.swift */,
			);
			path = Helpers;
			sourceTree = "<group>";
		};
		576C751B28F6353800D4DB5A /* Feed API */ = {
			isa = PBXGroup;
			children = (
				576C751C28F6357700D4DB5A /* RemoteFeedLoader.swift */,
				57283BAB290C688900C71555 /* HTTPClient.swift */,
				57283BAD290C68DB00C71555 /* FeedItemsMapper.swift */,
				573941152915D2FE00615D4E /* URLSessionHTTPClient.swift */,
				57619F8029314E7900CB83C1 /* RemoteFeedItem.swift */,
			);
			path = "Feed API";
			sourceTree = "<group>";
		};
		57DCAA0E28F0BF7C00EEFCAF = {
			isa = PBXGroup;
			children = (
				57EABE90291D9BDB002BEBDB /* README.md */,
				57DCAA1A28F0BF7C00EEFCAF /* EssentialFeed */,
				57DCAA2428F0BF7C00EEFCAF /* EssentialFeedTests */,
				571EB53929199CA60042BAA4 /* EssentialFeedEndToEndTests */,
				574709B529787E7500DF3C36 /* EssentialFeedCacheIntegrationTests */,
				5722DDBF29918DF500BFBFA1 /* EssentialFeediOS */,
				5722DDC929918DF500BFBFA1 /* EssentialFeediOSTests */,
				57DCAA1928F0BF7C00EEFCAF /* Products */,
			);
			sourceTree = "<group>";
		};
		57DCAA1928F0BF7C00EEFCAF /* Products */ = {
			isa = PBXGroup;
			children = (
				57DCAA1828F0BF7C00EEFCAF /* EssentialFeed.framework */,
				57DCAA2028F0BF7C00EEFCAF /* EssentialFeedTests.xctest */,
				571EB53829199CA60042BAA4 /* EssentialFeedAPIEndToEndTests.xctest */,
				574709B429787E7500DF3C36 /* EssentialFeedCacheIntegrationTests.xctest */,
				5722DDBE29918DF400BFBFA1 /* EssentialFeediOS.framework */,
				5722DDC529918DF500BFBFA1 /* EssentialFeediOSTests.xctest */,
			);
			name = Products;
			sourceTree = "<group>";
		};
		57DCAA1A28F0BF7C00EEFCAF /* EssentialFeed */ = {
			isa = PBXGroup;
			children = (
				576114FE293001C300FA5D4D /* Feed Cache */,
				57DCAA3428F498D300EEFCAF /* Feed Feature */,
				576C751B28F6353800D4DB5A /* Feed API */,
				57DCAA1B28F0BF7C00EEFCAF /* EssentialFeed.h */,
			);
			path = EssentialFeed;
			sourceTree = "<group>";
		};
		57DCAA2428F0BF7C00EEFCAF /* EssentialFeedTests */ = {
			isa = PBXGroup;
			children = (
				57394112291596E600615D4E /* Helpers */,
				57EABEC0292C0C78002BEBDB /* Feed Cache */,
				57283BBD291053AB00C71555 /* Feed API */,
			);
			path = EssentialFeedTests;
			sourceTree = "<group>";
		};
		57DCAA3428F498D300EEFCAF /* Feed Feature */ = {
			isa = PBXGroup;
			children = (
				57DCAA3028F0BFAA00EEFCAF /* FeedImage.swift */,
				57DCAA3228F0C03100EEFCAF /* FeedLoader.swift */,
			);
			path = "Feed Feature";
			sourceTree = "<group>";
		};
		57EABEC0292C0C78002BEBDB /* Feed Cache */ = {
			isa = PBXGroup;
			children = (
				57619F882931744C00CB83C1 /* Helpers */,
				57EABEC1292C0CE7002BEBDB /* CacheFeedUseCaseTests.swift */,
				57619F86293172D400CB83C1 /* LoadFeedFromCacheUseCaseTests.swift */,
				576C8BF22936A2C9008CC9EC /* ValidateFeedCacheUseCaseTests.swift */,
				576B0FDD296F56A300DD2AB5 /* FeedStoreSpecs.swift */,
				576B0FDF296F578F00DD2AB5 /* XCTestCase+FeedStoreSpecs.swift */,
				576B0FE1296F5B3600DD2AB5 /* XCTestCase+FailableInsertFeedStoreSpecs.swift */,
				576B0FE3296F5B7000DD2AB5 /* XCTestCase+FailableRetrieveFeedStoreSpecs.swift */,
				57F88DB22975E9B60050C6C9 /* CoreDataFeedStoreTests.swift */,
			);
			path = "Feed Cache";
			sourceTree = "<group>";
		};
/* End PBXGroup section */

/* Begin PBXHeadersBuildPhase section */
		5722DDB929918DF400BFBFA1 /* Headers */ = {
			isa = PBXHeadersBuildPhase;
			buildActionMask = 2147483647;
			files = (
			);
			runOnlyForDeploymentPostprocessing = 0;
		};
		57DCAA1328F0BF7C00EEFCAF /* Headers */ = {
			isa = PBXHeadersBuildPhase;
			buildActionMask = 2147483647;
			files = (
				57DCAA2728F0BF7C00EEFCAF /* EssentialFeed.h in Headers */,
			);
			runOnlyForDeploymentPostprocessing = 0;
		};
/* End PBXHeadersBuildPhase section */

/* Begin PBXNativeTarget section */
		571EB53729199CA60042BAA4 /* EssentialFeedAPIEndToEndTests */ = {
			isa = PBXNativeTarget;
			buildConfigurationList = 571EB54129199CA60042BAA4 /* Build configuration list for PBXNativeTarget "EssentialFeedAPIEndToEndTests" */;
			buildPhases = (
				571EB53429199CA60042BAA4 /* Sources */,
				571EB53529199CA60042BAA4 /* Frameworks */,
				571EB53629199CA60042BAA4 /* Resources */,
			);
			buildRules = (
			);
			dependencies = (
				571EB53E29199CA60042BAA4 /* PBXTargetDependency */,
			);
			name = EssentialFeedAPIEndToEndTests;
			productName = EssentialFeedEndToEndTests;
			productReference = 571EB53829199CA60042BAA4 /* EssentialFeedAPIEndToEndTests.xctest */;
			productType = "com.apple.product-type.bundle.unit-test";
		};
		5722DDBD29918DF400BFBFA1 /* EssentialFeediOS */ = {
			isa = PBXNativeTarget;
			buildConfigurationList = 5722DDCD29918DF500BFBFA1 /* Build configuration list for PBXNativeTarget "EssentialFeediOS" */;
			buildPhases = (
				5722DDB929918DF400BFBFA1 /* Headers */,
				5722DDBA29918DF400BFBFA1 /* Sources */,
				5722DDBB29918DF400BFBFA1 /* Frameworks */,
				5722DDBC29918DF400BFBFA1 /* Resources */,
			);
			buildRules = (
			);
			dependencies = (
			);
			name = EssentialFeediOS;
			productName = EssentialFeediOS;
			productReference = 5722DDBE29918DF400BFBFA1 /* EssentialFeediOS.framework */;
			productType = "com.apple.product-type.framework";
		};
		5722DDC429918DF500BFBFA1 /* EssentialFeediOSTests */ = {
			isa = PBXNativeTarget;
			buildConfigurationList = 5722DDD029918DF500BFBFA1 /* Build configuration list for PBXNativeTarget "EssentialFeediOSTests" */;
			buildPhases = (
				5722DDC129918DF500BFBFA1 /* Sources */,
				5722DDC229918DF500BFBFA1 /* Frameworks */,
				5722DDC329918DF500BFBFA1 /* Resources */,
			);
			buildRules = (
			);
			dependencies = (
				5722DDC829918DF500BFBFA1 /* PBXTargetDependency */,
			);
			name = EssentialFeediOSTests;
			productName = EssentialFeediOSTests;
			productReference = 5722DDC529918DF500BFBFA1 /* EssentialFeediOSTests.xctest */;
			productType = "com.apple.product-type.bundle.unit-test";
		};
		574709B329787E7500DF3C36 /* EssentialFeedCacheIntegrationTests */ = {
			isa = PBXNativeTarget;
			buildConfigurationList = 574709BD29787E7500DF3C36 /* Build configuration list for PBXNativeTarget "EssentialFeedCacheIntegrationTests" */;
			buildPhases = (
				574709B029787E7500DF3C36 /* Sources */,
				574709B129787E7500DF3C36 /* Frameworks */,
				574709B229787E7500DF3C36 /* Resources */,
			);
			buildRules = (
			);
			dependencies = (
				574709BA29787E7500DF3C36 /* PBXTargetDependency */,
			);
			name = EssentialFeedCacheIntegrationTests;
			productName = EssentialFeedCacheIntegrationTests;
			productReference = 574709B429787E7500DF3C36 /* EssentialFeedCacheIntegrationTests.xctest */;
			productType = "com.apple.product-type.bundle.unit-test";
		};
		57DCAA1728F0BF7C00EEFCAF /* EssentialFeed */ = {
			isa = PBXNativeTarget;
			buildConfigurationList = 57DCAA2A28F0BF7C00EEFCAF /* Build configuration list for PBXNativeTarget "EssentialFeed" */;
			buildPhases = (
				57DCAA1328F0BF7C00EEFCAF /* Headers */,
				57DCAA1428F0BF7C00EEFCAF /* Sources */,
				57DCAA1528F0BF7C00EEFCAF /* Frameworks */,
				57DCAA1628F0BF7C00EEFCAF /* Resources */,
			);
			buildRules = (
			);
			dependencies = (
			);
			name = EssentialFeed;
			productName = EssentialFeed;
			productReference = 57DCAA1828F0BF7C00EEFCAF /* EssentialFeed.framework */;
			productType = "com.apple.product-type.framework";
		};
		57DCAA1F28F0BF7C00EEFCAF /* EssentialFeedTests */ = {
			isa = PBXNativeTarget;
			buildConfigurationList = 57DCAA2D28F0BF7C00EEFCAF /* Build configuration list for PBXNativeTarget "EssentialFeedTests" */;
			buildPhases = (
				57DCAA1C28F0BF7C00EEFCAF /* Sources */,
				57DCAA1D28F0BF7C00EEFCAF /* Frameworks */,
				57DCAA1E28F0BF7C00EEFCAF /* Resources */,
			);
			buildRules = (
			);
			dependencies = (
				57DCAA2328F0BF7C00EEFCAF /* PBXTargetDependency */,
			);
			name = EssentialFeedTests;
			productName = EssentialFeedTests;
			productReference = 57DCAA2028F0BF7C00EEFCAF /* EssentialFeedTests.xctest */;
			productType = "com.apple.product-type.bundle.unit-test";
		};
/* End PBXNativeTarget section */

/* Begin PBXProject section */
		57DCAA0F28F0BF7C00EEFCAF /* Project object */ = {
			isa = PBXProject;
			attributes = {
				BuildIndependentTargetsInParallel = 1;
				LastSwiftUpdateCheck = 1400;
				LastUpgradeCheck = 1400;
				TargetAttributes = {
					571EB53729199CA60042BAA4 = {
						CreatedOnToolsVersion = 14.0;
					};
					5722DDBD29918DF400BFBFA1 = {
						CreatedOnToolsVersion = 14.0;
					};
					5722DDC429918DF500BFBFA1 = {
						CreatedOnToolsVersion = 14.0;
						LastSwiftMigration = 1420;
					};
					574709B329787E7500DF3C36 = {
						CreatedOnToolsVersion = 14.0;
					};
					57DCAA1728F0BF7C00EEFCAF = {
						CreatedOnToolsVersion = 14.0;
						LastSwiftMigration = 1400;
					};
					57DCAA1F28F0BF7C00EEFCAF = {
						CreatedOnToolsVersion = 14.0;
					};
				};
			};
			buildConfigurationList = 57DCAA1228F0BF7C00EEFCAF /* Build configuration list for PBXProject "EssentialFeed" */;
			compatibilityVersion = "Xcode 14.0";
			developmentRegion = en;
			hasScannedForEncodings = 0;
			knownRegions = (
				en,
				Base,
			);
			mainGroup = 57DCAA0E28F0BF7C00EEFCAF;
			productRefGroup = 57DCAA1928F0BF7C00EEFCAF /* Products */;
			projectDirPath = "";
			projectRoot = "";
			targets = (
				57DCAA1728F0BF7C00EEFCAF /* EssentialFeed */,
				57DCAA1F28F0BF7C00EEFCAF /* EssentialFeedTests */,
				571EB53729199CA60042BAA4 /* EssentialFeedAPIEndToEndTests */,
				574709B329787E7500DF3C36 /* EssentialFeedCacheIntegrationTests */,
				5722DDBD29918DF400BFBFA1 /* EssentialFeediOS */,
				5722DDC429918DF500BFBFA1 /* EssentialFeediOSTests */,
			);
		};
/* End PBXProject section */

/* Begin PBXResourcesBuildPhase section */
		571EB53629199CA60042BAA4 /* Resources */ = {
			isa = PBXResourcesBuildPhase;
			buildActionMask = 2147483647;
			files = (
			);
			runOnlyForDeploymentPostprocessing = 0;
		};
		5722DDBC29918DF400BFBFA1 /* Resources */ = {
			isa = PBXResourcesBuildPhase;
			buildActionMask = 2147483647;
			files = (
			);
			runOnlyForDeploymentPostprocessing = 0;
		};
		5722DDC329918DF500BFBFA1 /* Resources */ = {
			isa = PBXResourcesBuildPhase;
			buildActionMask = 2147483647;
			files = (
			);
			runOnlyForDeploymentPostprocessing = 0;
		};
		574709B229787E7500DF3C36 /* Resources */ = {
			isa = PBXResourcesBuildPhase;
			buildActionMask = 2147483647;
			files = (
			);
			runOnlyForDeploymentPostprocessing = 0;
		};
		57DCAA1628F0BF7C00EEFCAF /* Resources */ = {
			isa = PBXResourcesBuildPhase;
			buildActionMask = 2147483647;
			files = (
			);
			runOnlyForDeploymentPostprocessing = 0;
		};
		57DCAA1E28F0BF7C00EEFCAF /* Resources */ = {
			isa = PBXResourcesBuildPhase;
			buildActionMask = 2147483647;
			files = (
			);
			runOnlyForDeploymentPostprocessing = 0;
		};
/* End PBXResourcesBuildPhase section */

/* Begin PBXSourcesBuildPhase section */
		571EB53429199CA60042BAA4 /* Sources */ = {
			isa = PBXSourcesBuildPhase;
			buildActionMask = 2147483647;
			files = (
				571EB53B29199CA60042BAA4 /* EssentialFeedEndToEndTests.swift in Sources */,
				571EB5422919B6800042BAA4 /* XCTestCase+MemoryLeakTracking.swift in Sources */,
			);
			runOnlyForDeploymentPostprocessing = 0;
		};
		5722DDBA29918DF400BFBFA1 /* Sources */ = {
			isa = PBXSourcesBuildPhase;
			buildActionMask = 2147483647;
			files = (
			);
			runOnlyForDeploymentPostprocessing = 0;
		};
		5722DDC129918DF500BFBFA1 /* Sources */ = {
			isa = PBXSourcesBuildPhase;
			buildActionMask = 2147483647;
			files = (
				5764802B299AC95600365642 /* FeedViewControllerTests.swift in Sources */,
			);
			runOnlyForDeploymentPostprocessing = 0;
		};
		574709B029787E7500DF3C36 /* Sources */ = {
			isa = PBXSourcesBuildPhase;
			buildActionMask = 2147483647;
			files = (
				574709C029788AA200DF3C36 /* SharedTestHelpers.swift in Sources */,
				574709B729787E7500DF3C36 /* EssentialFeedCacheIntegrationTests.swift in Sources */,
				574709BF2978876E00DF3C36 /* FeedCacheTestHelpers.swift in Sources */,
				574709BE297885A800DF3C36 /* XCTestCase+MemoryLeakTracking.swift in Sources */,
			);
			runOnlyForDeploymentPostprocessing = 0;
		};
		57DCAA1428F0BF7C00EEFCAF /* Sources */ = {
			isa = PBXSourcesBuildPhase;
			buildActionMask = 2147483647;
			files = (
				57269C89297735160034BD99 /* CoreDataHelpers.swift in Sources */,
				57283BAE290C68DB00C71555 /* FeedItemsMapper.swift in Sources */,
				57DCAA3328F0C03100EEFCAF /* FeedLoader.swift in Sources */,
				57619F8129314E7900CB83C1 /* RemoteFeedItem.swift in Sources */,
				57B99DFF29381FC6002DBCBA /* FeedCachePolicy.swift in Sources */,
				576C751D28F6357700D4DB5A /* RemoteFeedLoader.swift in Sources */,
				57F88DB82975EEC40050C6C9 /* FeedStore.xcdatamodeld in Sources */,
				57619F85293151C100CB83C1 /* LocalFeedImage.swift in Sources */,
				576115022930027600FA5D4D /* FeedStore.swift in Sources */,
				57611500293001D900FA5D4D /* LocalFeedLoader.swift in Sources */,
				57283BAC290C688900C71555 /* HTTPClient.swift in Sources */,
				57DCAA3128F0BFAA00EEFCAF /* FeedImage.swift in Sources */,
				573941162915D2FE00615D4E /* URLSessionHTTPClient.swift in Sources */,
				57269C8B2977365C0034BD99 /* ManagedCache.swift in Sources */,
				57F88DB52975EB0F0050C6C9 /* CoreDataFeedStore.swift in Sources */,
				57269C8D297736A70034BD99 /* ManagedFeedImage.swift in Sources */,
			);
			runOnlyForDeploymentPostprocessing = 0;
		};
		57DCAA1C28F0BF7C00EEFCAF /* Sources */ = {
			isa = PBXSourcesBuildPhase;
			buildActionMask = 2147483647;
			files = (
				57B99DE62936B2F8002DBCBA /* FeedCacheTestHelpers.swift in Sources */,
				57F88DB32975E9B60050C6C9 /* CoreDataFeedStoreTests.swift in Sources */,
				576C8BF32936A2C9008CC9EC /* ValidateFeedCacheUseCaseTests.swift in Sources */,
				576B0FE4296F5B7000DD2AB5 /* XCTestCase+FailableRetrieveFeedStoreSpecs.swift in Sources */,
				57DCAA5128F61D9000EEFCAF /* LoadFeedFromRemoteUseCaseTests.swift in Sources */,
				57283BCB2912F98A00C71555 /* URLSessionHTTPClientTests.swift in Sources */,
				57619F8A2931748800CB83C1 /* FeedStoreSpy.swift in Sources */,
				57B99DE82936B4BD002DBCBA /* SharedTestHelpers.swift in Sources */,
				576B0FE2296F5B3600DD2AB5 /* XCTestCase+FailableInsertFeedStoreSpecs.swift in Sources */,
				57EABEC2292C0CE7002BEBDB /* CacheFeedUseCaseTests.swift in Sources */,
				57619F87293172D400CB83C1 /* LoadFeedFromCacheUseCaseTests.swift in Sources */,
				576B0FE0296F578F00DD2AB5 /* XCTestCase+FeedStoreSpecs.swift in Sources */,
				576B0FDE296F56A300DD2AB5 /* FeedStoreSpecs.swift in Sources */,
				573941142915973400615D4E /* XCTestCase+MemoryLeakTracking.swift in Sources */,
			);
			runOnlyForDeploymentPostprocessing = 0;
		};
/* End PBXSourcesBuildPhase section */

/* Begin PBXTargetDependency section */
		571EB53E29199CA60042BAA4 /* PBXTargetDependency */ = {
			isa = PBXTargetDependency;
			target = 57DCAA1728F0BF7C00EEFCAF /* EssentialFeed */;
			targetProxy = 571EB53D29199CA60042BAA4 /* PBXContainerItemProxy */;
		};
		5722DDC829918DF500BFBFA1 /* PBXTargetDependency */ = {
			isa = PBXTargetDependency;
			target = 5722DDBD29918DF400BFBFA1 /* EssentialFeediOS */;
			targetProxy = 5722DDC729918DF500BFBFA1 /* PBXContainerItemProxy */;
		};
		574709BA29787E7500DF3C36 /* PBXTargetDependency */ = {
			isa = PBXTargetDependency;
			target = 57DCAA1728F0BF7C00EEFCAF /* EssentialFeed */;
			targetProxy = 574709B929787E7500DF3C36 /* PBXContainerItemProxy */;
		};
		57DCAA2328F0BF7C00EEFCAF /* PBXTargetDependency */ = {
			isa = PBXTargetDependency;
			target = 57DCAA1728F0BF7C00EEFCAF /* EssentialFeed */;
			targetProxy = 57DCAA2228F0BF7C00EEFCAF /* PBXContainerItemProxy */;
		};
/* End PBXTargetDependency section */

/* Begin XCBuildConfiguration section */
		571EB53F29199CA60042BAA4 /* Debug */ = {
			isa = XCBuildConfiguration;
			buildSettings = {
				CODE_SIGN_STYLE = Automatic;
				CURRENT_PROJECT_VERSION = 1;
				DEVELOPMENT_TEAM = J4HVETEMJ8;
				GENERATE_INFOPLIST_FILE = YES;
				MARKETING_VERSION = 1.0;
				PRODUCT_BUNDLE_IDENTIFIER = tarsiciosh.EssentialFeedEndToEndTests;
				PRODUCT_NAME = "$(TARGET_NAME)";
				SUPPORTED_PLATFORMS = "macosx iphonesimulator iphoneos";
				SWIFT_EMIT_LOC_STRINGS = NO;
				SWIFT_VERSION = 5.0;
			};
			name = Debug;
		};
		571EB54029199CA60042BAA4 /* Release */ = {
			isa = XCBuildConfiguration;
			buildSettings = {
				CODE_SIGN_STYLE = Automatic;
				CURRENT_PROJECT_VERSION = 1;
				DEVELOPMENT_TEAM = J4HVETEMJ8;
				GENERATE_INFOPLIST_FILE = YES;
				MARKETING_VERSION = 1.0;
				PRODUCT_BUNDLE_IDENTIFIER = tarsiciosh.EssentialFeedEndToEndTests;
				PRODUCT_NAME = "$(TARGET_NAME)";
				SUPPORTED_PLATFORMS = "macosx iphonesimulator iphoneos";
				SWIFT_EMIT_LOC_STRINGS = NO;
				SWIFT_VERSION = 5.0;
			};
			name = Release;
		};
		5722DDCE29918DF500BFBFA1 /* Debug */ = {
			isa = XCBuildConfiguration;
			buildSettings = {
				CODE_SIGN_STYLE = Automatic;
				CURRENT_PROJECT_VERSION = 1;
				DEFINES_MODULE = YES;
				DEVELOPMENT_TEAM = J4HVETEMJ8;
				DYLIB_COMPATIBILITY_VERSION = 1;
				DYLIB_CURRENT_VERSION = 1;
				DYLIB_INSTALL_NAME_BASE = "@rpath";
				GENERATE_INFOPLIST_FILE = YES;
				INFOPLIST_KEY_NSHumanReadableCopyright = "";
				INSTALL_PATH = "$(LOCAL_LIBRARY_DIR)/Frameworks";
				IPHONEOS_DEPLOYMENT_TARGET = 16.0;
				LD_RUNPATH_SEARCH_PATHS = (
					"$(inherited)",
					"@executable_path/Frameworks",
					"@loader_path/Frameworks",
				);
				MARKETING_VERSION = 1.0;
				PRODUCT_BUNDLE_IDENTIFIER = tarsiciosh.EssentialFeediOS;
				PRODUCT_NAME = "$(TARGET_NAME:c99extidentifier)";
				SDKROOT = iphoneos;
				SKIP_INSTALL = YES;
				SWIFT_EMIT_LOC_STRINGS = YES;
				SWIFT_VERSION = 5.0;
				TARGETED_DEVICE_FAMILY = "1,2";
			};
			name = Debug;
		};
		5722DDCF29918DF500BFBFA1 /* Release */ = {
			isa = XCBuildConfiguration;
			buildSettings = {
				CODE_SIGN_STYLE = Automatic;
				CURRENT_PROJECT_VERSION = 1;
				DEFINES_MODULE = YES;
				DEVELOPMENT_TEAM = J4HVETEMJ8;
				DYLIB_COMPATIBILITY_VERSION = 1;
				DYLIB_CURRENT_VERSION = 1;
				DYLIB_INSTALL_NAME_BASE = "@rpath";
				GENERATE_INFOPLIST_FILE = YES;
				INFOPLIST_KEY_NSHumanReadableCopyright = "";
				INSTALL_PATH = "$(LOCAL_LIBRARY_DIR)/Frameworks";
				IPHONEOS_DEPLOYMENT_TARGET = 16.0;
				LD_RUNPATH_SEARCH_PATHS = (
					"$(inherited)",
					"@executable_path/Frameworks",
					"@loader_path/Frameworks",
				);
				MARKETING_VERSION = 1.0;
				PRODUCT_BUNDLE_IDENTIFIER = tarsiciosh.EssentialFeediOS;
				PRODUCT_NAME = "$(TARGET_NAME:c99extidentifier)";
				SDKROOT = iphoneos;
				SKIP_INSTALL = YES;
				SWIFT_EMIT_LOC_STRINGS = YES;
				SWIFT_VERSION = 5.0;
				TARGETED_DEVICE_FAMILY = "1,2";
				VALIDATE_PRODUCT = YES;
			};
			name = Release;
		};
		5722DDD129918DF500BFBFA1 /* Debug */ = {
			isa = XCBuildConfiguration;
			buildSettings = {
				CLANG_ENABLE_MODULES = YES;
				CODE_SIGN_STYLE = Automatic;
				CURRENT_PROJECT_VERSION = 1;
				DEVELOPMENT_TEAM = J4HVETEMJ8;
				GENERATE_INFOPLIST_FILE = YES;
				IPHONEOS_DEPLOYMENT_TARGET = 16.0;
				LD_RUNPATH_SEARCH_PATHS = (
					"$(inherited)",
					"@executable_path/Frameworks",
					"@loader_path/Frameworks",
				);
				MARKETING_VERSION = 1.0;
				PRODUCT_BUNDLE_IDENTIFIER = tarsiciosh.EssentialFeediOSTests;
				PRODUCT_NAME = "$(TARGET_NAME)";
				SDKROOT = iphoneos;
				SWIFT_EMIT_LOC_STRINGS = NO;
				SWIFT_OPTIMIZATION_LEVEL = "-Onone";
				SWIFT_VERSION = 5.0;
				TARGETED_DEVICE_FAMILY = "1,2";
			};
			name = Debug;
		};
		5722DDD229918DF500BFBFA1 /* Release */ = {
			isa = XCBuildConfiguration;
			buildSettings = {
				CLANG_ENABLE_MODULES = YES;
				CODE_SIGN_STYLE = Automatic;
				CURRENT_PROJECT_VERSION = 1;
				DEVELOPMENT_TEAM = J4HVETEMJ8;
				GENERATE_INFOPLIST_FILE = YES;
				IPHONEOS_DEPLOYMENT_TARGET = 16.0;
				LD_RUNPATH_SEARCH_PATHS = (
					"$(inherited)",
					"@executable_path/Frameworks",
					"@loader_path/Frameworks",
				);
				MARKETING_VERSION = 1.0;
				PRODUCT_BUNDLE_IDENTIFIER = tarsiciosh.EssentialFeediOSTests;
				PRODUCT_NAME = "$(TARGET_NAME)";
				SDKROOT = iphoneos;
				SWIFT_EMIT_LOC_STRINGS = NO;
				SWIFT_VERSION = 5.0;
				TARGETED_DEVICE_FAMILY = "1,2";
				VALIDATE_PRODUCT = YES;
			};
			name = Release;
		};
		574709BB29787E7500DF3C36 /* Debug */ = {
			isa = XCBuildConfiguration;
			buildSettings = {
				CODE_SIGN_STYLE = Automatic;
				CURRENT_PROJECT_VERSION = 1;
				DEVELOPMENT_TEAM = J4HVETEMJ8;
				GENERATE_INFOPLIST_FILE = YES;
				MARKETING_VERSION = 1.0;
				PRODUCT_BUNDLE_IDENTIFIER = tarsiciosh.EssentialFeedCacheIntegrationTests;
				PRODUCT_NAME = "$(TARGET_NAME)";
				SUPPORTED_PLATFORMS = "macosx iphonesimulator iphoneos";
				SWIFT_EMIT_LOC_STRINGS = NO;
				SWIFT_VERSION = 5.0;
			};
			name = Debug;
		};
		574709BC29787E7500DF3C36 /* Release */ = {
			isa = XCBuildConfiguration;
			buildSettings = {
				CODE_SIGN_STYLE = Automatic;
				CURRENT_PROJECT_VERSION = 1;
				DEVELOPMENT_TEAM = J4HVETEMJ8;
				GENERATE_INFOPLIST_FILE = YES;
				MARKETING_VERSION = 1.0;
				PRODUCT_BUNDLE_IDENTIFIER = tarsiciosh.EssentialFeedCacheIntegrationTests;
				PRODUCT_NAME = "$(TARGET_NAME)";
				SUPPORTED_PLATFORMS = "macosx iphonesimulator iphoneos";
				SWIFT_EMIT_LOC_STRINGS = NO;
				SWIFT_VERSION = 5.0;
			};
			name = Release;
		};
		57DCAA2828F0BF7C00EEFCAF /* Debug */ = {
			isa = XCBuildConfiguration;
			buildSettings = {
				ALWAYS_SEARCH_USER_PATHS = NO;
				CLANG_ANALYZER_NONNULL = YES;
				CLANG_ANALYZER_NUMBER_OBJECT_CONVERSION = YES_AGGRESSIVE;
				CLANG_CXX_LANGUAGE_STANDARD = "gnu++20";
				CLANG_ENABLE_MODULES = YES;
				CLANG_ENABLE_OBJC_ARC = YES;
				CLANG_ENABLE_OBJC_WEAK = YES;
				CLANG_WARN_BLOCK_CAPTURE_AUTORELEASING = YES;
				CLANG_WARN_BOOL_CONVERSION = YES;
				CLANG_WARN_COMMA = YES;
				CLANG_WARN_CONSTANT_CONVERSION = YES;
				CLANG_WARN_DEPRECATED_OBJC_IMPLEMENTATIONS = YES;
				CLANG_WARN_DIRECT_OBJC_ISA_USAGE = YES_ERROR;
				CLANG_WARN_DOCUMENTATION_COMMENTS = YES;
				CLANG_WARN_EMPTY_BODY = YES;
				CLANG_WARN_ENUM_CONVERSION = YES;
				CLANG_WARN_INFINITE_RECURSION = YES;
				CLANG_WARN_INT_CONVERSION = YES;
				CLANG_WARN_NON_LITERAL_NULL_CONVERSION = YES;
				CLANG_WARN_OBJC_IMPLICIT_RETAIN_SELF = YES;
				CLANG_WARN_OBJC_LITERAL_CONVERSION = YES;
				CLANG_WARN_OBJC_ROOT_CLASS = YES_ERROR;
				CLANG_WARN_QUOTED_INCLUDE_IN_FRAMEWORK_HEADER = YES;
				CLANG_WARN_RANGE_LOOP_ANALYSIS = YES;
				CLANG_WARN_STRICT_PROTOTYPES = YES;
				CLANG_WARN_SUSPICIOUS_MOVE = YES;
				CLANG_WARN_UNGUARDED_AVAILABILITY = YES_AGGRESSIVE;
				CLANG_WARN_UNREACHABLE_CODE = YES;
				CLANG_WARN__DUPLICATE_METHOD_MATCH = YES;
				COPY_PHASE_STRIP = NO;
				CURRENT_PROJECT_VERSION = 1;
				DEBUG_INFORMATION_FORMAT = dwarf;
				ENABLE_STRICT_OBJC_MSGSEND = YES;
				ENABLE_TESTABILITY = YES;
				GCC_C_LANGUAGE_STANDARD = gnu11;
				GCC_DYNAMIC_NO_PIC = NO;
				GCC_NO_COMMON_BLOCKS = YES;
				GCC_OPTIMIZATION_LEVEL = 0;
				GCC_PREPROCESSOR_DEFINITIONS = (
					"DEBUG=1",
					"$(inherited)",
				);
				GCC_WARN_64_TO_32_BIT_CONVERSION = YES;
				GCC_WARN_ABOUT_RETURN_TYPE = YES_ERROR;
				GCC_WARN_UNDECLARED_SELECTOR = YES;
				GCC_WARN_UNINITIALIZED_AUTOS = YES_AGGRESSIVE;
				GCC_WARN_UNUSED_FUNCTION = YES;
				GCC_WARN_UNUSED_VARIABLE = YES;
				MACOSX_DEPLOYMENT_TARGET = 12.3;
				MTL_ENABLE_DEBUG_INFO = INCLUDE_SOURCE;
				MTL_FAST_MATH = YES;
				ONLY_ACTIVE_ARCH = YES;
				SDKROOT = macosx;
				SWIFT_ACTIVE_COMPILATION_CONDITIONS = DEBUG;
				SWIFT_OPTIMIZATION_LEVEL = "-Onone";
				VERSIONING_SYSTEM = "apple-generic";
				VERSION_INFO_PREFIX = "";
			};
			name = Debug;
		};
		57DCAA2928F0BF7C00EEFCAF /* Release */ = {
			isa = XCBuildConfiguration;
			buildSettings = {
				ALWAYS_SEARCH_USER_PATHS = NO;
				CLANG_ANALYZER_NONNULL = YES;
				CLANG_ANALYZER_NUMBER_OBJECT_CONVERSION = YES_AGGRESSIVE;
				CLANG_CXX_LANGUAGE_STANDARD = "gnu++20";
				CLANG_ENABLE_MODULES = YES;
				CLANG_ENABLE_OBJC_ARC = YES;
				CLANG_ENABLE_OBJC_WEAK = YES;
				CLANG_WARN_BLOCK_CAPTURE_AUTORELEASING = YES;
				CLANG_WARN_BOOL_CONVERSION = YES;
				CLANG_WARN_COMMA = YES;
				CLANG_WARN_CONSTANT_CONVERSION = YES;
				CLANG_WARN_DEPRECATED_OBJC_IMPLEMENTATIONS = YES;
				CLANG_WARN_DIRECT_OBJC_ISA_USAGE = YES_ERROR;
				CLANG_WARN_DOCUMENTATION_COMMENTS = YES;
				CLANG_WARN_EMPTY_BODY = YES;
				CLANG_WARN_ENUM_CONVERSION = YES;
				CLANG_WARN_INFINITE_RECURSION = YES;
				CLANG_WARN_INT_CONVERSION = YES;
				CLANG_WARN_NON_LITERAL_NULL_CONVERSION = YES;
				CLANG_WARN_OBJC_IMPLICIT_RETAIN_SELF = YES;
				CLANG_WARN_OBJC_LITERAL_CONVERSION = YES;
				CLANG_WARN_OBJC_ROOT_CLASS = YES_ERROR;
				CLANG_WARN_QUOTED_INCLUDE_IN_FRAMEWORK_HEADER = YES;
				CLANG_WARN_RANGE_LOOP_ANALYSIS = YES;
				CLANG_WARN_STRICT_PROTOTYPES = YES;
				CLANG_WARN_SUSPICIOUS_MOVE = YES;
				CLANG_WARN_UNGUARDED_AVAILABILITY = YES_AGGRESSIVE;
				CLANG_WARN_UNREACHABLE_CODE = YES;
				CLANG_WARN__DUPLICATE_METHOD_MATCH = YES;
				COPY_PHASE_STRIP = NO;
				CURRENT_PROJECT_VERSION = 1;
				DEBUG_INFORMATION_FORMAT = "dwarf-with-dsym";
				ENABLE_NS_ASSERTIONS = NO;
				ENABLE_STRICT_OBJC_MSGSEND = YES;
				GCC_C_LANGUAGE_STANDARD = gnu11;
				GCC_NO_COMMON_BLOCKS = YES;
				GCC_WARN_64_TO_32_BIT_CONVERSION = YES;
				GCC_WARN_ABOUT_RETURN_TYPE = YES_ERROR;
				GCC_WARN_UNDECLARED_SELECTOR = YES;
				GCC_WARN_UNINITIALIZED_AUTOS = YES_AGGRESSIVE;
				GCC_WARN_UNUSED_FUNCTION = YES;
				GCC_WARN_UNUSED_VARIABLE = YES;
				MACOSX_DEPLOYMENT_TARGET = 12.3;
				MTL_ENABLE_DEBUG_INFO = NO;
				MTL_FAST_MATH = YES;
				SDKROOT = macosx;
				SWIFT_COMPILATION_MODE = wholemodule;
				SWIFT_OPTIMIZATION_LEVEL = "-O";
				VERSIONING_SYSTEM = "apple-generic";
				VERSION_INFO_PREFIX = "";
			};
			name = Release;
		};
		57DCAA2B28F0BF7C00EEFCAF /* Debug */ = {
			isa = XCBuildConfiguration;
			buildSettings = {
				CLANG_ENABLE_MODULES = YES;
				CODE_SIGN_STYLE = Automatic;
				COMBINE_HIDPI_IMAGES = YES;
				CURRENT_PROJECT_VERSION = 1;
				DEFINES_MODULE = YES;
				DEVELOPMENT_TEAM = J4HVETEMJ8;
				DYLIB_COMPATIBILITY_VERSION = 1;
				DYLIB_CURRENT_VERSION = 1;
				DYLIB_INSTALL_NAME_BASE = "@rpath";
				GENERATE_INFOPLIST_FILE = YES;
				INFOPLIST_KEY_NSHumanReadableCopyright = "";
				INSTALL_PATH = "$(LOCAL_LIBRARY_DIR)/Frameworks";
				LD_RUNPATH_SEARCH_PATHS = (
					"$(inherited)",
					"@executable_path/../Frameworks",
					"@loader_path/Frameworks",
				);
				MARKETING_VERSION = 1.0;
				PRODUCT_BUNDLE_IDENTIFIER = tarsiciosh.EssentialFeed;
				PRODUCT_NAME = "$(TARGET_NAME:c99extidentifier)";
				SKIP_INSTALL = YES;
				SUPPORTED_PLATFORMS = "macosx iphonesimulator iphoneos";
				SWIFT_EMIT_LOC_STRINGS = YES;
				SWIFT_OPTIMIZATION_LEVEL = "-Onone";
				SWIFT_VERSION = 5.0;
			};
			name = Debug;
		};
		57DCAA2C28F0BF7C00EEFCAF /* Release */ = {
			isa = XCBuildConfiguration;
			buildSettings = {
				CLANG_ENABLE_MODULES = YES;
				CODE_SIGN_STYLE = Automatic;
				COMBINE_HIDPI_IMAGES = YES;
				CURRENT_PROJECT_VERSION = 1;
				DEFINES_MODULE = YES;
				DEVELOPMENT_TEAM = J4HVETEMJ8;
				DYLIB_COMPATIBILITY_VERSION = 1;
				DYLIB_CURRENT_VERSION = 1;
				DYLIB_INSTALL_NAME_BASE = "@rpath";
				GENERATE_INFOPLIST_FILE = YES;
				INFOPLIST_KEY_NSHumanReadableCopyright = "";
				INSTALL_PATH = "$(LOCAL_LIBRARY_DIR)/Frameworks";
				LD_RUNPATH_SEARCH_PATHS = (
					"$(inherited)",
					"@executable_path/../Frameworks",
					"@loader_path/Frameworks",
				);
				MARKETING_VERSION = 1.0;
				PRODUCT_BUNDLE_IDENTIFIER = tarsiciosh.EssentialFeed;
				PRODUCT_NAME = "$(TARGET_NAME:c99extidentifier)";
				SKIP_INSTALL = YES;
				SUPPORTED_PLATFORMS = "macosx iphonesimulator iphoneos";
				SWIFT_EMIT_LOC_STRINGS = YES;
				SWIFT_VERSION = 5.0;
			};
			name = Release;
		};
		57DCAA2E28F0BF7C00EEFCAF /* Debug */ = {
			isa = XCBuildConfiguration;
			buildSettings = {
				ALWAYS_EMBED_SWIFT_STANDARD_LIBRARIES = YES;
				CODE_SIGN_STYLE = Automatic;
				CURRENT_PROJECT_VERSION = 1;
				DEVELOPMENT_TEAM = J4HVETEMJ8;
				GENERATE_INFOPLIST_FILE = YES;
				MARKETING_VERSION = 1.0;
				PRODUCT_BUNDLE_IDENTIFIER = tarsiciosh.EssentialFeedTests;
				PRODUCT_NAME = "$(TARGET_NAME)";
				SUPPORTED_PLATFORMS = "macosx iphoneos iphonesimulator";
				SWIFT_EMIT_LOC_STRINGS = NO;
				SWIFT_VERSION = 5.0;
			};
			name = Debug;
		};
		57DCAA2F28F0BF7C00EEFCAF /* Release */ = {
			isa = XCBuildConfiguration;
			buildSettings = {
				ALWAYS_EMBED_SWIFT_STANDARD_LIBRARIES = YES;
				CODE_SIGN_STYLE = Automatic;
				CURRENT_PROJECT_VERSION = 1;
				DEVELOPMENT_TEAM = J4HVETEMJ8;
				GENERATE_INFOPLIST_FILE = YES;
				MARKETING_VERSION = 1.0;
				PRODUCT_BUNDLE_IDENTIFIER = tarsiciosh.EssentialFeedTests;
				PRODUCT_NAME = "$(TARGET_NAME)";
				SUPPORTED_PLATFORMS = "macosx iphoneos iphonesimulator";
				SWIFT_EMIT_LOC_STRINGS = NO;
				SWIFT_VERSION = 5.0;
			};
			name = Release;
		};
/* End XCBuildConfiguration section */

/* Begin XCConfigurationList section */
		571EB54129199CA60042BAA4 /* Build configuration list for PBXNativeTarget "EssentialFeedAPIEndToEndTests" */ = {
			isa = XCConfigurationList;
			buildConfigurations = (
				571EB53F29199CA60042BAA4 /* Debug */,
				571EB54029199CA60042BAA4 /* Release */,
			);
			defaultConfigurationIsVisible = 0;
			defaultConfigurationName = Release;
		};
		5722DDCD29918DF500BFBFA1 /* Build configuration list for PBXNativeTarget "EssentialFeediOS" */ = {
			isa = XCConfigurationList;
			buildConfigurations = (
				5722DDCE29918DF500BFBFA1 /* Debug */,
				5722DDCF29918DF500BFBFA1 /* Release */,
			);
			defaultConfigurationIsVisible = 0;
			defaultConfigurationName = Release;
		};
		5722DDD029918DF500BFBFA1 /* Build configuration list for PBXNativeTarget "EssentialFeediOSTests" */ = {
			isa = XCConfigurationList;
			buildConfigurations = (
				5722DDD129918DF500BFBFA1 /* Debug */,
				5722DDD229918DF500BFBFA1 /* Release */,
			);
			defaultConfigurationIsVisible = 0;
			defaultConfigurationName = Release;
		};
		574709BD29787E7500DF3C36 /* Build configuration list for PBXNativeTarget "EssentialFeedCacheIntegrationTests" */ = {
			isa = XCConfigurationList;
			buildConfigurations = (
				574709BB29787E7500DF3C36 /* Debug */,
				574709BC29787E7500DF3C36 /* Release */,
			);
			defaultConfigurationIsVisible = 0;
			defaultConfigurationName = Release;
		};
		57DCAA1228F0BF7C00EEFCAF /* Build configuration list for PBXProject "EssentialFeed" */ = {
			isa = XCConfigurationList;
			buildConfigurations = (
				57DCAA2828F0BF7C00EEFCAF /* Debug */,
				57DCAA2928F0BF7C00EEFCAF /* Release */,
			);
			defaultConfigurationIsVisible = 0;
			defaultConfigurationName = Release;
		};
		57DCAA2A28F0BF7C00EEFCAF /* Build configuration list for PBXNativeTarget "EssentialFeed" */ = {
			isa = XCConfigurationList;
			buildConfigurations = (
				57DCAA2B28F0BF7C00EEFCAF /* Debug */,
				57DCAA2C28F0BF7C00EEFCAF /* Release */,
			);
			defaultConfigurationIsVisible = 0;
			defaultConfigurationName = Release;
		};
		57DCAA2D28F0BF7C00EEFCAF /* Build configuration list for PBXNativeTarget "EssentialFeedTests" */ = {
			isa = XCConfigurationList;
			buildConfigurations = (
				57DCAA2E28F0BF7C00EEFCAF /* Debug */,
				57DCAA2F28F0BF7C00EEFCAF /* Release */,
			);
			defaultConfigurationIsVisible = 0;
			defaultConfigurationName = Release;
		};
/* End XCConfigurationList section */

/* Begin XCVersionGroup section */
		57F88DB62975EEC40050C6C9 /* FeedStore.xcdatamodeld */ = {
			isa = XCVersionGroup;
			children = (
				57F88DB72975EEC40050C6C9 /* FeedStore.xcdatamodel */,
			);
			currentVersion = 57F88DB72975EEC40050C6C9 /* FeedStore.xcdatamodel */;
			path = FeedStore.xcdatamodeld;
			sourceTree = "<group>";
			versionGroupType = wrapper.xcdatamodel;
		};
/* End XCVersionGroup section */
	};
	rootObject = 57DCAA0F28F0BF7C00EEFCAF /* Project object */;
}
