// !$*UTF8*$!
{
	archiveVersion = 1;
	classes = {
	};
	objectVersion = 56;
	objects = {

/* Begin PBXBuildFile section */
		578C820929EF6243008516C5 /* FeedLoaderCacheDecoratorTests.swift in Sources */ = {isa = PBXBuildFile; fileRef = 578C820829EF6243008516C5 /* FeedLoaderCacheDecoratorTests.swift */; };
		578C820B29EF65FE008516C5 /* FeedLoaderStub.swift in Sources */ = {isa = PBXBuildFile; fileRef = 578C820A29EF65FE008516C5 /* FeedLoaderStub.swift */; };
		57A0F9E129E4E2450029C3A5 /* AppDelegate.swift in Sources */ = {isa = PBXBuildFile; fileRef = 57A0F9E029E4E2450029C3A5 /* AppDelegate.swift */; };
		57A0F9E329E4E2450029C3A5 /* SceneDelegate.swift in Sources */ = {isa = PBXBuildFile; fileRef = 57A0F9E229E4E2450029C3A5 /* SceneDelegate.swift */; };
		57A0F9E529E4E2450029C3A5 /* ViewController.swift in Sources */ = {isa = PBXBuildFile; fileRef = 57A0F9E429E4E2450029C3A5 /* ViewController.swift */; };
		57A0F9E829E4E2450029C3A5 /* Main.storyboard in Resources */ = {isa = PBXBuildFile; fileRef = 57A0F9E629E4E2450029C3A5 /* Main.storyboard */; };
		57A0F9EA29E4E2470029C3A5 /* Assets.xcassets in Resources */ = {isa = PBXBuildFile; fileRef = 57A0F9E929E4E2470029C3A5 /* Assets.xcassets */; };
		57A0F9ED29E4E2470029C3A5 /* LaunchScreen.storyboard in Resources */ = {isa = PBXBuildFile; fileRef = 57A0F9EB29E4E2470029C3A5 /* LaunchScreen.storyboard */; };
		57A0FA1229E4E3890029C3A5 /* EssentialFeed.framework in Frameworks */ = {isa = PBXBuildFile; fileRef = 57A0FA1129E4E3890029C3A5 /* EssentialFeed.framework */; };
		57A0FA1329E4E3890029C3A5 /* EssentialFeed.framework in Embed Frameworks */ = {isa = PBXBuildFile; fileRef = 57A0FA1129E4E3890029C3A5 /* EssentialFeed.framework */; settings = {ATTRIBUTES = (CodeSignOnCopy, RemoveHeadersOnCopy, ); }; };
		57A0FA1629E4E38D0029C3A5 /* EssentialFeediOS.framework in Frameworks */ = {isa = PBXBuildFile; fileRef = 57A0FA1529E4E38D0029C3A5 /* EssentialFeediOS.framework */; };
		57A0FA1729E4E38D0029C3A5 /* EssentialFeediOS.framework in Embed Frameworks */ = {isa = PBXBuildFile; fileRef = 57A0FA1529E4E38D0029C3A5 /* EssentialFeediOS.framework */; settings = {ATTRIBUTES = (CodeSignOnCopy, RemoveHeadersOnCopy, ); }; };
		57E691EF29E77E0F0084A963 /* RemoteWithLocalFallbackFeedLoaderTests.swift in Sources */ = {isa = PBXBuildFile; fileRef = 57E691EE29E77E0F0084A963 /* RemoteWithLocalFallbackFeedLoaderTests.swift */; };
		57E691FE29EDE3C90084A963 /* FeedLoaderWithFallbackComposite.swift in Sources */ = {isa = PBXBuildFile; fileRef = 57E691FD29EDE3C90084A963 /* FeedLoaderWithFallbackComposite.swift */; };
		57E6920029EDE51D0084A963 /* FeedImageDataLoaderWithFallbackCompositeTests.swift in Sources */ = {isa = PBXBuildFile; fileRef = 57E691FF29EDE51D0084A963 /* FeedImageDataLoaderWithFallbackCompositeTests.swift */; };
		57E6920229EE06A90084A963 /* FeedImageDataLoaderWithFallbackComposite.swift in Sources */ = {isa = PBXBuildFile; fileRef = 57E6920129EE06A90084A963 /* FeedImageDataLoaderWithFallbackComposite.swift */; };
		57E6920529EE07790084A963 /* XCTestCase+MemoryLeakTracking.swift in Sources */ = {isa = PBXBuildFile; fileRef = 57E6920429EE07790084A963 /* XCTestCase+MemoryLeakTracking.swift */; };
		57E6920729EE08560084A963 /* SharedTestHelpers.swift in Sources */ = {isa = PBXBuildFile; fileRef = 57E6920629EE08560084A963 /* SharedTestHelpers.swift */; };
/* End PBXBuildFile section */

/* Begin PBXContainerItemProxy section */
		57A0F9F429E4E2470029C3A5 /* PBXContainerItemProxy */ = {
			isa = PBXContainerItemProxy;
			containerPortal = 57A0F9D529E4E2450029C3A5 /* Project object */;
			proxyType = 1;
			remoteGlobalIDString = 57A0F9DC29E4E2450029C3A5;
			remoteInfo = EssentialApp;
		};
/* End PBXContainerItemProxy section */

/* Begin PBXCopyFilesBuildPhase section */
		57A0FA1429E4E38A0029C3A5 /* Embed Frameworks */ = {
			isa = PBXCopyFilesBuildPhase;
			buildActionMask = 2147483647;
			dstPath = "";
			dstSubfolderSpec = 10;
			files = (
				57A0FA1329E4E3890029C3A5 /* EssentialFeed.framework in Embed Frameworks */,
				57A0FA1729E4E38D0029C3A5 /* EssentialFeediOS.framework in Embed Frameworks */,
			);
			name = "Embed Frameworks";
			runOnlyForDeploymentPostprocessing = 0;
		};
/* End PBXCopyFilesBuildPhase section */

/* Begin PBXFileReference section */
		578C820829EF6243008516C5 /* FeedLoaderCacheDecoratorTests.swift */ = {isa = PBXFileReference; lastKnownFileType = sourcecode.swift; path = FeedLoaderCacheDecoratorTests.swift; sourceTree = "<group>"; };
		578C820A29EF65FE008516C5 /* FeedLoaderStub.swift */ = {isa = PBXFileReference; lastKnownFileType = sourcecode.swift; path = FeedLoaderStub.swift; sourceTree = "<group>"; };
		57A0F9DD29E4E2450029C3A5 /* EssentialApp.app */ = {isa = PBXFileReference; explicitFileType = wrapper.application; includeInIndex = 0; path = EssentialApp.app; sourceTree = BUILT_PRODUCTS_DIR; };
		57A0F9E029E4E2450029C3A5 /* AppDelegate.swift */ = {isa = PBXFileReference; lastKnownFileType = sourcecode.swift; path = AppDelegate.swift; sourceTree = "<group>"; };
		57A0F9E229E4E2450029C3A5 /* SceneDelegate.swift */ = {isa = PBXFileReference; lastKnownFileType = sourcecode.swift; path = SceneDelegate.swift; sourceTree = "<group>"; };
		57A0F9E429E4E2450029C3A5 /* ViewController.swift */ = {isa = PBXFileReference; lastKnownFileType = sourcecode.swift; path = ViewController.swift; sourceTree = "<group>"; };
		57A0F9E729E4E2450029C3A5 /* Base */ = {isa = PBXFileReference; lastKnownFileType = file.storyboard; name = Base; path = Base.lproj/Main.storyboard; sourceTree = "<group>"; };
		57A0F9E929E4E2470029C3A5 /* Assets.xcassets */ = {isa = PBXFileReference; lastKnownFileType = folder.assetcatalog; path = Assets.xcassets; sourceTree = "<group>"; };
		57A0F9EC29E4E2470029C3A5 /* Base */ = {isa = PBXFileReference; lastKnownFileType = file.storyboard; name = Base; path = Base.lproj/LaunchScreen.storyboard; sourceTree = "<group>"; };
		57A0F9EE29E4E2470029C3A5 /* Info.plist */ = {isa = PBXFileReference; lastKnownFileType = text.plist.xml; path = Info.plist; sourceTree = "<group>"; };
		57A0F9F329E4E2470029C3A5 /* EssentialAppTests.xctest */ = {isa = PBXFileReference; explicitFileType = wrapper.cfbundle; includeInIndex = 0; path = EssentialAppTests.xctest; sourceTree = BUILT_PRODUCTS_DIR; };
		57A0FA1129E4E3890029C3A5 /* EssentialFeed.framework */ = {isa = PBXFileReference; explicitFileType = wrapper.framework; path = EssentialFeed.framework; sourceTree = BUILT_PRODUCTS_DIR; };
		57A0FA1529E4E38D0029C3A5 /* EssentialFeediOS.framework */ = {isa = PBXFileReference; explicitFileType = wrapper.framework; path = EssentialFeediOS.framework; sourceTree = BUILT_PRODUCTS_DIR; };
		57E691EE29E77E0F0084A963 /* RemoteWithLocalFallbackFeedLoaderTests.swift */ = {isa = PBXFileReference; lastKnownFileType = sourcecode.swift; path = RemoteWithLocalFallbackFeedLoaderTests.swift; sourceTree = "<group>"; };
		57E691FD29EDE3C90084A963 /* FeedLoaderWithFallbackComposite.swift */ = {isa = PBXFileReference; lastKnownFileType = sourcecode.swift; path = FeedLoaderWithFallbackComposite.swift; sourceTree = "<group>"; };
		57E691FF29EDE51D0084A963 /* FeedImageDataLoaderWithFallbackCompositeTests.swift */ = {isa = PBXFileReference; lastKnownFileType = sourcecode.swift; path = FeedImageDataLoaderWithFallbackCompositeTests.swift; sourceTree = "<group>"; };
		57E6920129EE06A90084A963 /* FeedImageDataLoaderWithFallbackComposite.swift */ = {isa = PBXFileReference; lastKnownFileType = sourcecode.swift; path = FeedImageDataLoaderWithFallbackComposite.swift; sourceTree = "<group>"; };
		57E6920429EE07790084A963 /* XCTestCase+MemoryLeakTracking.swift */ = {isa = PBXFileReference; lastKnownFileType = sourcecode.swift; path = "XCTestCase+MemoryLeakTracking.swift"; sourceTree = "<group>"; };
		57E6920629EE08560084A963 /* SharedTestHelpers.swift */ = {isa = PBXFileReference; lastKnownFileType = sourcecode.swift; path = SharedTestHelpers.swift; sourceTree = "<group>"; };
/* End PBXFileReference section */

/* Begin PBXFrameworksBuildPhase section */
		57A0F9DA29E4E2450029C3A5 /* Frameworks */ = {
			isa = PBXFrameworksBuildPhase;
			buildActionMask = 2147483647;
			files = (
				57A0FA1229E4E3890029C3A5 /* EssentialFeed.framework in Frameworks */,
				57A0FA1629E4E38D0029C3A5 /* EssentialFeediOS.framework in Frameworks */,
			);
			runOnlyForDeploymentPostprocessing = 0;
		};
		57A0F9F029E4E2470029C3A5 /* Frameworks */ = {
			isa = PBXFrameworksBuildPhase;
			buildActionMask = 2147483647;
			files = (
			);
			runOnlyForDeploymentPostprocessing = 0;
		};
/* End PBXFrameworksBuildPhase section */

/* Begin PBXGroup section */
		57A0F9D429E4E2450029C3A5 = {
			isa = PBXGroup;
			children = (
				57A0F9DF29E4E2450029C3A5 /* EssentialApp */,
				57A0F9F629E4E2470029C3A5 /* EssentialAppTests */,
				57A0F9DE29E4E2450029C3A5 /* Products */,
				57A0FA1029E4E3890029C3A5 /* Frameworks */,
			);
			sourceTree = "<group>";
		};
		57A0F9DE29E4E2450029C3A5 /* Products */ = {
			isa = PBXGroup;
			children = (
				57A0F9DD29E4E2450029C3A5 /* EssentialApp.app */,
				57A0F9F329E4E2470029C3A5 /* EssentialAppTests.xctest */,
			);
			name = Products;
			sourceTree = "<group>";
		};
		57A0F9DF29E4E2450029C3A5 /* EssentialApp */ = {
			isa = PBXGroup;
			children = (
				57A0F9E029E4E2450029C3A5 /* AppDelegate.swift */,
				57A0F9E229E4E2450029C3A5 /* SceneDelegate.swift */,
				57A0F9E429E4E2450029C3A5 /* ViewController.swift */,
				57E691FD29EDE3C90084A963 /* FeedLoaderWithFallbackComposite.swift */,
				57E6920129EE06A90084A963 /* FeedImageDataLoaderWithFallbackComposite.swift */,
				57A0F9E629E4E2450029C3A5 /* Main.storyboard */,
				57A0F9E929E4E2470029C3A5 /* Assets.xcassets */,
				57A0F9EB29E4E2470029C3A5 /* LaunchScreen.storyboard */,
				57A0F9EE29E4E2470029C3A5 /* Info.plist */,
			);
			path = EssentialApp;
			sourceTree = "<group>";
		};
		57A0F9F629E4E2470029C3A5 /* EssentialAppTests */ = {
			isa = PBXGroup;
			children = (
				57E6920329EE075C0084A963 /* Helpers */,
				57E691EE29E77E0F0084A963 /* RemoteWithLocalFallbackFeedLoaderTests.swift */,
				57E691FF29EDE51D0084A963 /* FeedImageDataLoaderWithFallbackCompositeTests.swift */,
				578C820829EF6243008516C5 /* FeedLoaderCacheDecoratorTests.swift */,
			);
			path = EssentialAppTests;
			sourceTree = "<group>";
		};
		57A0FA1029E4E3890029C3A5 /* Frameworks */ = {
			isa = PBXGroup;
			children = (
				57A0FA1529E4E38D0029C3A5 /* EssentialFeediOS.framework */,
				57A0FA1129E4E3890029C3A5 /* EssentialFeed.framework */,
			);
			name = Frameworks;
			sourceTree = "<group>";
		};
		57E6920329EE075C0084A963 /* Helpers */ = {
			isa = PBXGroup;
			children = (
				57E6920429EE07790084A963 /* XCTestCase+MemoryLeakTracking.swift */,
				57E6920629EE08560084A963 /* SharedTestHelpers.swift */,
				578C820A29EF65FE008516C5 /* FeedLoaderStub.swift */,
			);
			path = Helpers;
			sourceTree = "<group>";
		};
/* End PBXGroup section */

/* Begin PBXNativeTarget section */
		57A0F9DC29E4E2450029C3A5 /* EssentialApp */ = {
			isa = PBXNativeTarget;
			buildConfigurationList = 57A0FA0729E4E2470029C3A5 /* Build configuration list for PBXNativeTarget "EssentialApp" */;
			buildPhases = (
				57A0F9D929E4E2450029C3A5 /* Sources */,
				57A0F9DA29E4E2450029C3A5 /* Frameworks */,
				57A0F9DB29E4E2450029C3A5 /* Resources */,
				57A0FA1429E4E38A0029C3A5 /* Embed Frameworks */,
			);
			buildRules = (
			);
			dependencies = (
			);
			name = EssentialApp;
			productName = EssentialApp;
			productReference = 57A0F9DD29E4E2450029C3A5 /* EssentialApp.app */;
			productType = "com.apple.product-type.application";
		};
		57A0F9F229E4E2470029C3A5 /* EssentialAppTests */ = {
			isa = PBXNativeTarget;
			buildConfigurationList = 57A0FA0A29E4E2470029C3A5 /* Build configuration list for PBXNativeTarget "EssentialAppTests" */;
			buildPhases = (
				57A0F9EF29E4E2470029C3A5 /* Sources */,
				57A0F9F029E4E2470029C3A5 /* Frameworks */,
				57A0F9F129E4E2470029C3A5 /* Resources */,
			);
			buildRules = (
			);
			dependencies = (
				57A0F9F529E4E2470029C3A5 /* PBXTargetDependency */,
			);
			name = EssentialAppTests;
			productName = EssentialAppTests;
			productReference = 57A0F9F329E4E2470029C3A5 /* EssentialAppTests.xctest */;
			productType = "com.apple.product-type.bundle.unit-test";
		};
/* End PBXNativeTarget section */

/* Begin PBXProject section */
		57A0F9D529E4E2450029C3A5 /* Project object */ = {
			isa = PBXProject;
			attributes = {
				BuildIndependentTargetsInParallel = 1;
				LastSwiftUpdateCheck = 1420;
				LastUpgradeCheck = 1420;
				TargetAttributes = {
					57A0F9DC29E4E2450029C3A5 = {
						CreatedOnToolsVersion = 14.2;
					};
					57A0F9F229E4E2470029C3A5 = {
						CreatedOnToolsVersion = 14.2;
						LastSwiftMigration = 1420;
						TestTargetID = 57A0F9DC29E4E2450029C3A5;
					};
				};
			};
			buildConfigurationList = 57A0F9D829E4E2450029C3A5 /* Build configuration list for PBXProject "EssentialApp" */;
			compatibilityVersion = "Xcode 14.0";
			developmentRegion = en;
			hasScannedForEncodings = 0;
			knownRegions = (
				en,
				Base,
			);
			mainGroup = 57A0F9D429E4E2450029C3A5;
			productRefGroup = 57A0F9DE29E4E2450029C3A5 /* Products */;
			projectDirPath = "";
			projectRoot = "";
			targets = (
				57A0F9DC29E4E2450029C3A5 /* EssentialApp */,
				57A0F9F229E4E2470029C3A5 /* EssentialAppTests */,
			);
		};
/* End PBXProject section */

/* Begin PBXResourcesBuildPhase section */
		57A0F9DB29E4E2450029C3A5 /* Resources */ = {
			isa = PBXResourcesBuildPhase;
			buildActionMask = 2147483647;
			files = (
				57A0F9ED29E4E2470029C3A5 /* LaunchScreen.storyboard in Resources */,
				57A0F9EA29E4E2470029C3A5 /* Assets.xcassets in Resources */,
				57A0F9E829E4E2450029C3A5 /* Main.storyboard in Resources */,
			);
			runOnlyForDeploymentPostprocessing = 0;
		};
		57A0F9F129E4E2470029C3A5 /* Resources */ = {
			isa = PBXResourcesBuildPhase;
			buildActionMask = 2147483647;
			files = (
			);
			runOnlyForDeploymentPostprocessing = 0;
		};
/* End PBXResourcesBuildPhase section */

/* Begin PBXSourcesBuildPhase section */
		57A0F9D929E4E2450029C3A5 /* Sources */ = {
			isa = PBXSourcesBuildPhase;
			buildActionMask = 2147483647;
			files = (
				57A0F9E529E4E2450029C3A5 /* ViewController.swift in Sources */,
				57A0F9E129E4E2450029C3A5 /* AppDelegate.swift in Sources */,
				57E691FE29EDE3C90084A963 /* FeedLoaderWithFallbackComposite.swift in Sources */,
				57A0F9E329E4E2450029C3A5 /* SceneDelegate.swift in Sources */,
				57E6920229EE06A90084A963 /* FeedImageDataLoaderWithFallbackComposite.swift in Sources */,
			);
			runOnlyForDeploymentPostprocessing = 0;
		};
		57A0F9EF29E4E2470029C3A5 /* Sources */ = {
			isa = PBXSourcesBuildPhase;
			buildActionMask = 2147483647;
			files = (
				57E6920729EE08560084A963 /* SharedTestHelpers.swift in Sources */,
				578C820929EF6243008516C5 /* FeedLoaderCacheDecoratorTests.swift in Sources */,
				57E6920029EDE51D0084A963 /* FeedImageDataLoaderWithFallbackCompositeTests.swift in Sources */,
				57E691EF29E77E0F0084A963 /* RemoteWithLocalFallbackFeedLoaderTests.swift in Sources */,
				578C820B29EF65FE008516C5 /* FeedLoaderStub.swift in Sources */,
				57E6920529EE07790084A963 /* XCTestCase+MemoryLeakTracking.swift in Sources */,
			);
			runOnlyForDeploymentPostprocessing = 0;
		};
/* End PBXSourcesBuildPhase section */

/* Begin PBXTargetDependency section */
		57A0F9F529E4E2470029C3A5 /* PBXTargetDependency */ = {
			isa = PBXTargetDependency;
			target = 57A0F9DC29E4E2450029C3A5 /* EssentialApp */;
			targetProxy = 57A0F9F429E4E2470029C3A5 /* PBXContainerItemProxy */;
		};
/* End PBXTargetDependency section */

/* Begin PBXVariantGroup section */
		57A0F9E629E4E2450029C3A5 /* Main.storyboard */ = {
			isa = PBXVariantGroup;
			children = (
				57A0F9E729E4E2450029C3A5 /* Base */,
			);
			name = Main.storyboard;
			sourceTree = "<group>";
		};
		57A0F9EB29E4E2470029C3A5 /* LaunchScreen.storyboard */ = {
			isa = PBXVariantGroup;
			children = (
				57A0F9EC29E4E2470029C3A5 /* Base */,
			);
			name = LaunchScreen.storyboard;
			sourceTree = "<group>";
		};
/* End PBXVariantGroup section */

/* Begin XCBuildConfiguration section */
		57A0FA0529E4E2470029C3A5 /* Debug */ = {
			isa = XCBuildConfiguration;
			buildSettings = {
				ALWAYS_SEARCH_USER_PATHS = NO;
				CLANG_ANALYZER_NONNULL = YES;
				CLANG_ANALYZER_NUMBER_OBJECT_CONVERSION = YES_AGGRESSIVE;
				CLANG_CXX_LANGUAGE_STANDARD = "gnu++20";
				CLANG_ENABLE_MODULES = YES;
				CLANG_ENABLE_OBJC_ARC = YES;
				CLANG_ENABLE_OBJC_WEAK = YES;
				CLANG_WARN_BLOCK_CAPTURE_AUTORELEASING = YES;
				CLANG_WARN_BOOL_CONVERSION = YES;
				CLANG_WARN_COMMA = YES;
				CLANG_WARN_CONSTANT_CONVERSION = YES;
				CLANG_WARN_DEPRECATED_OBJC_IMPLEMENTATIONS = YES;
				CLANG_WARN_DIRECT_OBJC_ISA_USAGE = YES_ERROR;
				CLANG_WARN_DOCUMENTATION_COMMENTS = YES;
				CLANG_WARN_EMPTY_BODY = YES;
				CLANG_WARN_ENUM_CONVERSION = YES;
				CLANG_WARN_INFINITE_RECURSION = YES;
				CLANG_WARN_INT_CONVERSION = YES;
				CLANG_WARN_NON_LITERAL_NULL_CONVERSION = YES;
				CLANG_WARN_OBJC_IMPLICIT_RETAIN_SELF = YES;
				CLANG_WARN_OBJC_LITERAL_CONVERSION = YES;
				CLANG_WARN_OBJC_ROOT_CLASS = YES_ERROR;
				CLANG_WARN_QUOTED_INCLUDE_IN_FRAMEWORK_HEADER = YES;
				CLANG_WARN_RANGE_LOOP_ANALYSIS = YES;
				CLANG_WARN_STRICT_PROTOTYPES = YES;
				CLANG_WARN_SUSPICIOUS_MOVE = YES;
				CLANG_WARN_UNGUARDED_AVAILABILITY = YES_AGGRESSIVE;
				CLANG_WARN_UNREACHABLE_CODE = YES;
				CLANG_WARN__DUPLICATE_METHOD_MATCH = YES;
				COPY_PHASE_STRIP = NO;
				DEBUG_INFORMATION_FORMAT = dwarf;
				ENABLE_STRICT_OBJC_MSGSEND = YES;
				ENABLE_TESTABILITY = YES;
				GCC_C_LANGUAGE_STANDARD = gnu11;
				GCC_DYNAMIC_NO_PIC = NO;
				GCC_NO_COMMON_BLOCKS = YES;
				GCC_OPTIMIZATION_LEVEL = 0;
				GCC_PREPROCESSOR_DEFINITIONS = (
					"DEBUG=1",
					"$(inherited)",
				);
				GCC_WARN_64_TO_32_BIT_CONVERSION = YES;
				GCC_WARN_ABOUT_RETURN_TYPE = YES_ERROR;
				GCC_WARN_UNDECLARED_SELECTOR = YES;
				GCC_WARN_UNINITIALIZED_AUTOS = YES_AGGRESSIVE;
				GCC_WARN_UNUSED_FUNCTION = YES;
				GCC_WARN_UNUSED_VARIABLE = YES;
				IPHONEOS_DEPLOYMENT_TARGET = 16.2;
				MTL_ENABLE_DEBUG_INFO = INCLUDE_SOURCE;
				MTL_FAST_MATH = YES;
				ONLY_ACTIVE_ARCH = YES;
				SDKROOT = iphoneos;
				SWIFT_ACTIVE_COMPILATION_CONDITIONS = DEBUG;
				SWIFT_OPTIMIZATION_LEVEL = "-Onone";
			};
			name = Debug;
		};
		57A0FA0629E4E2470029C3A5 /* Release */ = {
			isa = XCBuildConfiguration;
			buildSettings = {
				ALWAYS_SEARCH_USER_PATHS = NO;
				CLANG_ANALYZER_NONNULL = YES;
				CLANG_ANALYZER_NUMBER_OBJECT_CONVERSION = YES_AGGRESSIVE;
				CLANG_CXX_LANGUAGE_STANDARD = "gnu++20";
				CLANG_ENABLE_MODULES = YES;
				CLANG_ENABLE_OBJC_ARC = YES;
				CLANG_ENABLE_OBJC_WEAK = YES;
				CLANG_WARN_BLOCK_CAPTURE_AUTORELEASING = YES;
				CLANG_WARN_BOOL_CONVERSION = YES;
				CLANG_WARN_COMMA = YES;
				CLANG_WARN_CONSTANT_CONVERSION = YES;
				CLANG_WARN_DEPRECATED_OBJC_IMPLEMENTATIONS = YES;
				CLANG_WARN_DIRECT_OBJC_ISA_USAGE = YES_ERROR;
				CLANG_WARN_DOCUMENTATION_COMMENTS = YES;
				CLANG_WARN_EMPTY_BODY = YES;
				CLANG_WARN_ENUM_CONVERSION = YES;
				CLANG_WARN_INFINITE_RECURSION = YES;
				CLANG_WARN_INT_CONVERSION = YES;
				CLANG_WARN_NON_LITERAL_NULL_CONVERSION = YES;
				CLANG_WARN_OBJC_IMPLICIT_RETAIN_SELF = YES;
				CLANG_WARN_OBJC_LITERAL_CONVERSION = YES;
				CLANG_WARN_OBJC_ROOT_CLASS = YES_ERROR;
				CLANG_WARN_QUOTED_INCLUDE_IN_FRAMEWORK_HEADER = YES;
				CLANG_WARN_RANGE_LOOP_ANALYSIS = YES;
				CLANG_WARN_STRICT_PROTOTYPES = YES;
				CLANG_WARN_SUSPICIOUS_MOVE = YES;
				CLANG_WARN_UNGUARDED_AVAILABILITY = YES_AGGRESSIVE;
				CLANG_WARN_UNREACHABLE_CODE = YES;
				CLANG_WARN__DUPLICATE_METHOD_MATCH = YES;
				COPY_PHASE_STRIP = NO;
				DEBUG_INFORMATION_FORMAT = "dwarf-with-dsym";
				ENABLE_NS_ASSERTIONS = NO;
				ENABLE_STRICT_OBJC_MSGSEND = YES;
				GCC_C_LANGUAGE_STANDARD = gnu11;
				GCC_NO_COMMON_BLOCKS = YES;
				GCC_WARN_64_TO_32_BIT_CONVERSION = YES;
				GCC_WARN_ABOUT_RETURN_TYPE = YES_ERROR;
				GCC_WARN_UNDECLARED_SELECTOR = YES;
				GCC_WARN_UNINITIALIZED_AUTOS = YES_AGGRESSIVE;
				GCC_WARN_UNUSED_FUNCTION = YES;
				GCC_WARN_UNUSED_VARIABLE = YES;
				IPHONEOS_DEPLOYMENT_TARGET = 16.2;
				MTL_ENABLE_DEBUG_INFO = NO;
				MTL_FAST_MATH = YES;
				SDKROOT = iphoneos;
				SWIFT_COMPILATION_MODE = wholemodule;
				SWIFT_OPTIMIZATION_LEVEL = "-O";
				VALIDATE_PRODUCT = YES;
			};
			name = Release;
		};
		57A0FA0829E4E2470029C3A5 /* Debug */ = {
			isa = XCBuildConfiguration;
			buildSettings = {
				ASSETCATALOG_COMPILER_APPICON_NAME = AppIcon;
				ASSETCATALOG_COMPILER_GLOBAL_ACCENT_COLOR_NAME = AccentColor;
				CODE_SIGN_STYLE = Automatic;
				CURRENT_PROJECT_VERSION = 1;
				DEVELOPMENT_TEAM = J4HVETEMJ8;
				GENERATE_INFOPLIST_FILE = YES;
				INFOPLIST_FILE = EssentialApp/Info.plist;
				INFOPLIST_KEY_UIApplicationSupportsIndirectInputEvents = YES;
				INFOPLIST_KEY_UILaunchStoryboardName = LaunchScreen;
				INFOPLIST_KEY_UIMainStoryboardFile = Main;
				INFOPLIST_KEY_UISupportedInterfaceOrientations = UIInterfaceOrientationPortrait;
				INFOPLIST_KEY_UISupportedInterfaceOrientations_iPad = "UIInterfaceOrientationLandscapeLeft UIInterfaceOrientationLandscapeRight UIInterfaceOrientationPortrait UIInterfaceOrientationPortraitUpsideDown";
				LD_RUNPATH_SEARCH_PATHS = (
					"$(inherited)",
					"@executable_path/Frameworks",
				);
				MARKETING_VERSION = 1.0;
				PRODUCT_BUNDLE_IDENTIFIER = tarsiciosh.EssentialApp;
				PRODUCT_NAME = "$(TARGET_NAME)";
				SWIFT_EMIT_LOC_STRINGS = YES;
				SWIFT_VERSION = 5.0;
				TARGETED_DEVICE_FAMILY = "1,2";
			};
			name = Debug;
		};
		57A0FA0929E4E2470029C3A5 /* Release */ = {
			isa = XCBuildConfiguration;
			buildSettings = {
				ASSETCATALOG_COMPILER_APPICON_NAME = AppIcon;
				ASSETCATALOG_COMPILER_GLOBAL_ACCENT_COLOR_NAME = AccentColor;
				CODE_SIGN_STYLE = Automatic;
				CURRENT_PROJECT_VERSION = 1;
				DEVELOPMENT_TEAM = J4HVETEMJ8;
				GENERATE_INFOPLIST_FILE = YES;
				INFOPLIST_FILE = EssentialApp/Info.plist;
				INFOPLIST_KEY_UIApplicationSupportsIndirectInputEvents = YES;
				INFOPLIST_KEY_UILaunchStoryboardName = LaunchScreen;
				INFOPLIST_KEY_UIMainStoryboardFile = Main;
				INFOPLIST_KEY_UISupportedInterfaceOrientations = UIInterfaceOrientationPortrait;
				INFOPLIST_KEY_UISupportedInterfaceOrientations_iPad = "UIInterfaceOrientationLandscapeLeft UIInterfaceOrientationLandscapeRight UIInterfaceOrientationPortrait UIInterfaceOrientationPortraitUpsideDown";
				LD_RUNPATH_SEARCH_PATHS = (
					"$(inherited)",
					"@executable_path/Frameworks",
				);
				MARKETING_VERSION = 1.0;
				PRODUCT_BUNDLE_IDENTIFIER = tarsiciosh.EssentialApp;
				PRODUCT_NAME = "$(TARGET_NAME)";
				SWIFT_EMIT_LOC_STRINGS = YES;
				SWIFT_VERSION = 5.0;
				TARGETED_DEVICE_FAMILY = "1,2";
			};
			name = Release;
		};
		57A0FA0B29E4E2470029C3A5 /* Debug */ = {
			isa = XCBuildConfiguration;
			buildSettings = {
				ALWAYS_EMBED_SWIFT_STANDARD_LIBRARIES = YES;
				BUNDLE_LOADER = "$(TEST_HOST)";
				CLANG_ENABLE_MODULES = YES;
				CODE_SIGN_STYLE = Automatic;
				CURRENT_PROJECT_VERSION = 1;
				DEVELOPMENT_TEAM = J4HVETEMJ8;
				GENERATE_INFOPLIST_FILE = YES;
				IPHONEOS_DEPLOYMENT_TARGET = 16.2;
				LD_RUNPATH_SEARCH_PATHS = (
					"$(inherited)",
					"@executable_path/Frameworks",
					"@loader_path/Frameworks",
				);
				MARKETING_VERSION = 1.0;
				PRODUCT_BUNDLE_IDENTIFIER = tarsiciosh.EssentialAppTests;
				PRODUCT_NAME = "$(TARGET_NAME)";
				SWIFT_EMIT_LOC_STRINGS = NO;
				SWIFT_OPTIMIZATION_LEVEL = "-Onone";
				SWIFT_VERSION = 5.0;
				TARGETED_DEVICE_FAMILY = "1,2";
				TEST_HOST = "$(BUILT_PRODUCTS_DIR)/EssentialApp.app/$(BUNDLE_EXECUTABLE_FOLDER_PATH)/EssentialApp";
			};
			name = Debug;
		};
		57A0FA0C29E4E2470029C3A5 /* Release */ = {
			isa = XCBuildConfiguration;
			buildSettings = {
				ALWAYS_EMBED_SWIFT_STANDARD_LIBRARIES = YES;
				BUNDLE_LOADER = "$(TEST_HOST)";
				CLANG_ENABLE_MODULES = YES;
				CODE_SIGN_STYLE = Automatic;
				CURRENT_PROJECT_VERSION = 1;
				DEVELOPMENT_TEAM = J4HVETEMJ8;
				GENERATE_INFOPLIST_FILE = YES;
				IPHONEOS_DEPLOYMENT_TARGET = 16.2;
				LD_RUNPATH_SEARCH_PATHS = (
					"$(inherited)",
					"@executable_path/Frameworks",
					"@loader_path/Frameworks",
				);
				MARKETING_VERSION = 1.0;
				PRODUCT_BUNDLE_IDENTIFIER = tarsiciosh.EssentialAppTests;
				PRODUCT_NAME = "$(TARGET_NAME)";
				SWIFT_EMIT_LOC_STRINGS = NO;
				SWIFT_VERSION = 5.0;
				TARGETED_DEVICE_FAMILY = "1,2";
				TEST_HOST = "$(BUILT_PRODUCTS_DIR)/EssentialApp.app/$(BUNDLE_EXECUTABLE_FOLDER_PATH)/EssentialApp";
			};
			name = Release;
		};
/* End XCBuildConfiguration section */

/* Begin XCConfigurationList section */
		57A0F9D829E4E2450029C3A5 /* Build configuration list for PBXProject "EssentialApp" */ = {
			isa = XCConfigurationList;
			buildConfigurations = (
				57A0FA0529E4E2470029C3A5 /* Debug */,
				57A0FA0629E4E2470029C3A5 /* Release */,
			);
			defaultConfigurationIsVisible = 0;
			defaultConfigurationName = Release;
		};
		57A0FA0729E4E2470029C3A5 /* Build configuration list for PBXNativeTarget "EssentialApp" */ = {
			isa = XCConfigurationList;
			buildConfigurations = (
				57A0FA0829E4E2470029C3A5 /* Debug */,
				57A0FA0929E4E2470029C3A5 /* Release */,
			);
			defaultConfigurationIsVisible = 0;
			defaultConfigurationName = Release;
		};
		57A0FA0A29E4E2470029C3A5 /* Build configuration list for PBXNativeTarget "EssentialAppTests" */ = {
			isa = XCConfigurationList;
			buildConfigurations = (
				57A0FA0B29E4E2470029C3A5 /* Debug */,
				57A0FA0C29E4E2470029C3A5 /* Release */,
			);
			defaultConfigurationIsVisible = 0;
			defaultConfigurationName = Release;
		};
/* End XCConfigurationList section */
	};
	rootObject = 57A0F9D529E4E2450029C3A5 /* Project object */;
}
